// !$*UTF8*$!
{
	archiveVersion = 1;
	classes = {
	};
	objectVersion = 50;
	objects = {

/* Begin PBXBuildFile section */
		1A507F6528AAC0FCD05F1D1E /* Pods_talkkingTests.framework in Frameworks */ = {isa = PBXBuildFile; fileRef = CA66D18ECD38054FF2D97C22 /* Pods_talkkingTests.framework */; };
		3D5091BD208DF92000DA8C8F /* AppDelegate.swift in Sources */ = {isa = PBXBuildFile; fileRef = 3D5091BC208DF92000DA8C8F /* AppDelegate.swift */; };
		3D5091BF208DF92000DA8C8F /* ViewController.swift in Sources */ = {isa = PBXBuildFile; fileRef = 3D5091BE208DF92000DA8C8F /* ViewController.swift */; };
		3D5091C2208DF92000DA8C8F /* Main.storyboard in Resources */ = {isa = PBXBuildFile; fileRef = 3D5091C0208DF92000DA8C8F /* Main.storyboard */; };
		3D5091C7208DF92100DA8C8F /* LaunchScreen.storyboard in Resources */ = {isa = PBXBuildFile; fileRef = 3D5091C5208DF92100DA8C8F /* LaunchScreen.storyboard */; };
		3D5091D2208DF92200DA8C8F /* talkkingTests.swift in Sources */ = {isa = PBXBuildFile; fileRef = 3D5091D1208DF92200DA8C8F /* talkkingTests.swift */; };
		3D5091DD208DF92200DA8C8F /* talkkingUITests.swift in Sources */ = {isa = PBXBuildFile; fileRef = 3D5091DC208DF92200DA8C8F /* talkkingUITests.swift */; };
		3D87315E2092077300022D90 /* GoogleService-Info.plist in Resources */ = {isa = PBXBuildFile; fileRef = 3D87315D2092077300022D90 /* GoogleService-Info.plist */; };
		3D87316020930D3400022D90 /* FireBaseFunc.swift in Sources */ = {isa = PBXBuildFile; fileRef = 3D87315F20930D3400022D90 /* FireBaseFunc.swift */; };
		3D87316220948D1A00022D90 /* FanData.swift in Sources */ = {isa = PBXBuildFile; fileRef = 3D87316120948D1A00022D90 /* FanData.swift */; };
		3DA635B72091D2D800081F3B /* Podfile in Resources */ = {isa = PBXBuildFile; fileRef = 3DA635B62091D2D800081F3B /* Podfile */; };
		75CA69A90FD45DBA81B64F20 /* Pods_talkkingUITests.framework in Frameworks */ = {isa = PBXBuildFile; fileRef = D42D7350E03D89B9AE8A9F90 /* Pods_talkkingUITests.framework */; };
		930450E020A55F1C005E37FB /* etc_check_empty.png in Resources */ = {isa = PBXBuildFile; fileRef = 930450DE20A55F17005E37FB /* etc_check_empty.png */; };
		930450E120A55F1C005E37FB /* etc_check_full.png in Resources */ = {isa = PBXBuildFile; fileRef = 930450DF20A55F18005E37FB /* etc_check_full.png */; };
		930450E320A56273005E37FB /* UIViewController_ProvisionPage.swift in Sources */ = {isa = PBXBuildFile; fileRef = 930450E220A56273005E37FB /* UIViewController_ProvisionPage.swift */; };
		930450E520A580EB005E37FB /* UIViewController_NoticeListPage.swift in Sources */ = {isa = PBXBuildFile; fileRef = 930450E420A580EB005E37FB /* UIViewController_NoticeListPage.swift */; };
		930450E720A584C2005E37FB /* etc_notice.png in Resources */ = {isa = PBXBuildFile; fileRef = 930450E620A584C1005E37FB /* etc_notice.png */; };
		930450E920A58899005E37FB /* UITableViewCell_Notice.swift in Sources */ = {isa = PBXBuildFile; fileRef = 930450E820A58899005E37FB /* UITableViewCell_Notice.swift */; };
		9318F95320903E0300E08F7D /* rank_bronze.png in Resources */ = {isa = PBXBuildFile; fileRef = 9318F93020903E0300E08F7D /* rank_bronze.png */; };
		9318F95420903E0300E08F7D /* rank_diamond.png in Resources */ = {isa = PBXBuildFile; fileRef = 9318F93120903E0300E08F7D /* rank_diamond.png */; };
		9318F95520903E0300E08F7D /* rank_vvip.png in Resources */ = {isa = PBXBuildFile; fileRef = 9318F93220903E0300E08F7D /* rank_vvip.png */; };
		9318F95620903E0300E08F7D /* rank_vip.png in Resources */ = {isa = PBXBuildFile; fileRef = 9318F93320903E0300E08F7D /* rank_vip.png */; };
		9318F95720903E0300E08F7D /* rank_gold.png in Resources */ = {isa = PBXBuildFile; fileRef = 9318F93420903E0300E08F7D /* rank_gold.png */; };
		9318F95820903E0300E08F7D /* rank_silver.png in Resources */ = {isa = PBXBuildFile; fileRef = 9318F93520903E0300E08F7D /* rank_silver.png */; };
		9318F95920903E0300E08F7D /* fan.png in Resources */ = {isa = PBXBuildFile; fileRef = 9318F93720903E0300E08F7D /* fan.png */; };
		9318F95A20903E0300E08F7D /* fan_select.png in Resources */ = {isa = PBXBuildFile; fileRef = 9318F93820903E0300E08F7D /* fan_select.png */; };
		9318F95B20903E0300E08F7D /* favor.png in Resources */ = {isa = PBXBuildFile; fileRef = 9318F93920903E0300E08F7D /* favor.png */; };
		9318F95C20903E0300E08F7D /* chat_select.png in Resources */ = {isa = PBXBuildFile; fileRef = 9318F93A20903E0300E08F7D /* chat_select.png */; };
		9318F95D20903E0300E08F7D /* home.png in Resources */ = {isa = PBXBuildFile; fileRef = 9318F93B20903E0300E08F7D /* home.png */; };
		9318F95E20903E0300E08F7D /* favor_select.png in Resources */ = {isa = PBXBuildFile; fileRef = 9318F93C20903E0300E08F7D /* favor_select.png */; };
		9318F95F20903E0300E08F7D /* home_select.png in Resources */ = {isa = PBXBuildFile; fileRef = 9318F93D20903E0300E08F7D /* home_select.png */; };
		9318F96020903E0300E08F7D /* board.png in Resources */ = {isa = PBXBuildFile; fileRef = 9318F93E20903E0300E08F7D /* board.png */; };
		9318F96120903E0300E08F7D /* chat.png in Resources */ = {isa = PBXBuildFile; fileRef = 9318F93F20903E0300E08F7D /* chat.png */; };
		9318F96220903E0300E08F7D /* board_select.png in Resources */ = {isa = PBXBuildFile; fileRef = 9318F94020903E0300E08F7D /* board_select.png */; };
		9318F96320903E0300E08F7D /* UITableViewCell_Favor.swift in Sources */ = {isa = PBXBuildFile; fileRef = 9318F94220903E0300E08F7D /* UITableViewCell_Favor.swift */; };
		9318F96420903E0300E08F7D /* UIViewController_Favor.swift in Sources */ = {isa = PBXBuildFile; fileRef = 9318F94320903E0300E08F7D /* UIViewController_Favor.swift */; };
		9318F96520903E0300E08F7D /* BoardData.swift in Sources */ = {isa = PBXBuildFile; fileRef = 9318F94520903E0300E08F7D /* BoardData.swift */; };
		9318F96620903E0300E08F7D /* MyUserData.swift in Sources */ = {isa = PBXBuildFile; fileRef = 9318F94620903E0300E08F7D /* MyUserData.swift */; };
		9318F96720903E0300E08F7D /* UserData.swift in Sources */ = {isa = PBXBuildFile; fileRef = 9318F94720903E0300E08F7D /* UserData.swift */; };
		9318F96920903E0300E08F7D /* ChatData.swift in Sources */ = {isa = PBXBuildFile; fileRef = 9318F94920903E0300E08F7D /* ChatData.swift */; };
		9318F96A20903E0300E08F7D /* DataMgr.swift in Sources */ = {isa = PBXBuildFile; fileRef = 9318F94A20903E0300E08F7D /* DataMgr.swift */; };
		9318F96D2090498F00E08F7D /* CommonData.swift in Sources */ = {isa = PBXBuildFile; fileRef = 9318F96C2090498F00E08F7D /* CommonData.swift */; };
		9318F96F2090499F00E08F7D /* CommonUIFunc.swift in Sources */ = {isa = PBXBuildFile; fileRef = 9318F96E2090499F00E08F7D /* CommonUIFunc.swift */; };
		9318F971209049A900E08F7D /* CommonFunc.swift in Sources */ = {isa = PBXBuildFile; fileRef = 9318F970209049A900E08F7D /* CommonFunc.swift */; };
		9318F973209051F100E08F7D /* UIViewController_ChatMain.swift in Sources */ = {isa = PBXBuildFile; fileRef = 9318F972209051F100E08F7D /* UIViewController_ChatMain.swift */; };
		9318F975209052E700E08F7D /* UITableViewCell_ChatMain.swift in Sources */ = {isa = PBXBuildFile; fileRef = 9318F974209052E700E08F7D /* UITableViewCell_ChatMain.swift */; };
		9318F97720906CFA00E08F7D /* UIViewController_Board.swift in Sources */ = {isa = PBXBuildFile; fileRef = 9318F97620906CFA00E08F7D /* UIViewController_Board.swift */; };
		9318F97920906D0A00E08F7D /* UITableViewCell_Board.swift in Sources */ = {isa = PBXBuildFile; fileRef = 9318F97820906D0A00E08F7D /* UITableViewCell_Board.swift */; };
		9318F98020907E0500E08F7D /* fan_rank_2.png in Resources */ = {isa = PBXBuildFile; fileRef = 9318F97A20907E0300E08F7D /* fan_rank_2.png */; };
		9318F98120907E0500E08F7D /* fan_rank_1.png in Resources */ = {isa = PBXBuildFile; fileRef = 9318F97B20907E0300E08F7D /* fan_rank_1.png */; };
		9318F98220907E0500E08F7D /* fan_rank_big_2.png in Resources */ = {isa = PBXBuildFile; fileRef = 9318F97C20907E0300E08F7D /* fan_rank_big_2.png */; };
		9318F98320907E0500E08F7D /* fan_rank_3.png in Resources */ = {isa = PBXBuildFile; fileRef = 9318F97D20907E0400E08F7D /* fan_rank_3.png */; };
		9318F98420907E0500E08F7D /* fan_rank_big_3.png in Resources */ = {isa = PBXBuildFile; fileRef = 9318F97E20907E0400E08F7D /* fan_rank_big_3.png */; };
		9318F98520907E0500E08F7D /* fan_rank_big_1.png in Resources */ = {isa = PBXBuildFile; fileRef = 9318F97F20907E0400E08F7D /* fan_rank_big_1.png */; };
		9318F98720907E0C00E08F7D /* heart_red.png in Resources */ = {isa = PBXBuildFile; fileRef = 9318F98620907E0C00E08F7D /* heart_red.png */; };
		9318F98920907E1D00E08F7D /* new_img.png in Resources */ = {isa = PBXBuildFile; fileRef = 9318F98820907E1D00E08F7D /* new_img.png */; };
		9318F98B20907E2E00E08F7D /* pearl.png in Resources */ = {isa = PBXBuildFile; fileRef = 9318F98A20907E2E00E08F7D /* pearl.png */; };
		9318F98D20907E3500E08F7D /* opal.png in Resources */ = {isa = PBXBuildFile; fileRef = 9318F98C20907E3500E08F7D /* opal.png */; };
		9318F98F20907E4A00E08F7D /* ruby.png in Resources */ = {isa = PBXBuildFile; fileRef = 9318F98E20907E4A00E08F7D /* ruby.png */; };
		9318F99120907E5000E08F7D /* sapphire.png in Resources */ = {isa = PBXBuildFile; fileRef = 9318F99020907E5000E08F7D /* sapphire.png */; };
		9318F99320907E5C00E08F7D /* amethyst.png in Resources */ = {isa = PBXBuildFile; fileRef = 9318F99220907E5C00E08F7D /* amethyst.png */; };
		9318F99720907E8900E08F7D /* diamond.png in Resources */ = {isa = PBXBuildFile; fileRef = 9318F99620907E8900E08F7D /* diamond.png */; };
		9318F99920907E9100E08F7D /* emerald.png in Resources */ = {isa = PBXBuildFile; fileRef = 9318F99820907E9100E08F7D /* emerald.png */; };
		9318F99B20907F1D00E08F7D /* heart.png in Resources */ = {isa = PBXBuildFile; fileRef = 9318F99A20907F1D00E08F7D /* heart.png */; };
		9353D9A820A58AEC006E4FAF /* UIViewController_NoticePage.swift in Sources */ = {isa = PBXBuildFile; fileRef = 9353D9A720A58AEC006E4FAF /* UIViewController_NoticePage.swift */; };
		9353D9B120A5B6E3006E4FAF /* charge_500.png in Resources */ = {isa = PBXBuildFile; fileRef = 9353D9AA20A5B6DF006E4FAF /* charge_500.png */; };
		9353D9B220A5B6E3006E4FAF /* charge_30.png in Resources */ = {isa = PBXBuildFile; fileRef = 9353D9AB20A5B6DF006E4FAF /* charge_30.png */; };
		9353D9B320A5B6E3006E4FAF /* charge_300.png in Resources */ = {isa = PBXBuildFile; fileRef = 9353D9AC20A5B6E0006E4FAF /* charge_300.png */; };
		9353D9B420A5B6E3006E4FAF /* charge_50.png in Resources */ = {isa = PBXBuildFile; fileRef = 9353D9AD20A5B6E1006E4FAF /* charge_50.png */; };
		9353D9B520A5B6E3006E4FAF /* charge_1000.png in Resources */ = {isa = PBXBuildFile; fileRef = 9353D9AE20A5B6E1006E4FAF /* charge_1000.png */; };
		9353D9B620A5B6E3006E4FAF /* charge_100.png in Resources */ = {isa = PBXBuildFile; fileRef = 9353D9AF20A5B6E2006E4FAF /* charge_100.png */; };
		9353D9B720A5B6E3006E4FAF /* charge_10.png in Resources */ = {isa = PBXBuildFile; fileRef = 9353D9B020A5B6E3006E4FAF /* charge_10.png */; };
		9353D9BB20A5BAC3006E4FAF /* UIViewController_ChargePage.swift in Sources */ = {isa = PBXBuildFile; fileRef = 9353D9BA20A5BAC3006E4FAF /* UIViewController_ChargePage.swift */; };
		9353D9BD20A69460006E4FAF /* etc_icon_picture.png in Resources */ = {isa = PBXBuildFile; fileRef = 9353D9BC20A69460006E4FAF /* etc_icon_picture.png */; };
		9353D9BF20A69A34006E4FAF /* UIViewController_ProfileSetting.swift in Sources */ = {isa = PBXBuildFile; fileRef = 9353D9BE20A69A34006E4FAF /* UIViewController_ProfileSetting.swift */; };
		9353D9C120A806B8006E4FAF /* UIViewController_MyJewel.swift in Sources */ = {isa = PBXBuildFile; fileRef = 9353D9C020A806B8006E4FAF /* UIViewController_MyJewel.swift */; };
		9353D9C420A81042006E4FAF /* etc_jewel_10.png in Resources */ = {isa = PBXBuildFile; fileRef = 9353D9C220A81040006E4FAF /* etc_jewel_10.png */; };
		9353D9C520A81042006E4FAF /* etc_jewel_1.png in Resources */ = {isa = PBXBuildFile; fileRef = 9353D9C320A81041006E4FAF /* etc_jewel_1.png */; };
		9353D9C720A8128D006E4FAF /* UIViewController_RecvHeartPage.swift in Sources */ = {isa = PBXBuildFile; fileRef = 9353D9C620A8128D006E4FAF /* UIViewController_RecvHeartPage.swift */; };
		9353D9C920A8142D006E4FAF /* UITableViewCell_RecvHeart.swift in Sources */ = {isa = PBXBuildFile; fileRef = 9353D9C820A8142D006E4FAF /* UITableViewCell_RecvHeart.swift */; };
		9353D9CD20A817B3006E4FAF /* UIViewCollectionCell_UserPage_Fan.swift in Sources */ = {isa = PBXBuildFile; fileRef = 9353D9CC20A817B2006E4FAF /* UIViewCollectionCell_UserPage_Fan.swift */; };
		9353D9D120A832D0006E4FAF /* UIViewController_ThumbnailList.swift in Sources */ = {isa = PBXBuildFile; fileRef = 9353D9D020A832CF006E4FAF /* UIViewController_ThumbnailList.swift */; };
		93A4C4DA20A05EF300066594 /* etc_icon_notice.png in Resources */ = {isa = PBXBuildFile; fileRef = 93A4C4D920A05EF300066594 /* etc_icon_notice.png */; };
		93A4C4DD20A0615B00066594 /* etc_icon_setting.png in Resources */ = {isa = PBXBuildFile; fileRef = 93A4C4DB20A0615A00066594 /* etc_icon_setting.png */; };
		93A4C4DE20A0615B00066594 /* etc_icon_thumbnail.png in Resources */ = {isa = PBXBuildFile; fileRef = 93A4C4DC20A0615B00066594 /* etc_icon_thumbnail.png */; };
		93A4C4E020A0670C00066594 /* etc_icon_coin.png in Resources */ = {isa = PBXBuildFile; fileRef = 93A4C4DF20A0670C00066594 /* etc_icon_coin.png */; };
		93A4C4E220A06A0F00066594 /* UIViewController_MyUserPage.swift in Sources */ = {isa = PBXBuildFile; fileRef = 93A4C4E120A06A0F00066594 /* UIViewController_MyUserPage.swift */; };
		93A4C4E420A07F9A00066594 /* UIViewController_InputPage.swift in Sources */ = {isa = PBXBuildFile; fileRef = 93A4C4E320A07F9A00066594 /* UIViewController_InputPage.swift */; };
		93A4C4E620A1E0A200066594 /* etc_icon_main.png in Resources */ = {isa = PBXBuildFile; fileRef = 93A4C4E520A1E0A100066594 /* etc_icon_main.png */; };
		93A4C4EB20A1E1CF00066594 /* icon_main_heart_recv.png in Resources */ = {isa = PBXBuildFile; fileRef = 93A4C4E720A1E1CD00066594 /* icon_main_heart_recv.png */; };
		93A4C4EC20A1E1CF00066594 /* icon_main_mypage.png in Resources */ = {isa = PBXBuildFile; fileRef = 93A4C4E820A1E1CD00066594 /* icon_main_mypage.png */; };
		93A4C4ED20A1E1CF00066594 /* icon_main_filter.png in Resources */ = {isa = PBXBuildFile; fileRef = 93A4C4E920A1E1CE00066594 /* icon_main_filter.png */; };
		93A4C4EE20A1E1CF00066594 /* icon_main_randombox.png in Resources */ = {isa = PBXBuildFile; fileRef = 93A4C4EA20A1E1CE00066594 /* icon_main_randombox.png */; };
		93E5245220921870009E303A /* UITableViewCell_Fan.swift in Sources */ = {isa = PBXBuildFile; fileRef = 93E524502092186F009E303A /* UITableViewCell_Fan.swift */; };
		93E5245320921870009E303A /* UIViewController_Fan.swift in Sources */ = {isa = PBXBuildFile; fileRef = 93E524512092186F009E303A /* UIViewController_Fan.swift */; };
		93E524552092EDA0009E303A /* Assets.xcassets in Resources */ = {isa = PBXBuildFile; fileRef = 93E524542092EDA0009E303A /* Assets.xcassets */; };
		93E52459209583CB009E303A /* report.png in Resources */ = {isa = PBXBuildFile; fileRef = 93E52458209583CA009E303A /* report.png */; };
		93E5245B2095888B009E303A /* heart_white_alpha.png in Resources */ = {isa = PBXBuildFile; fileRef = 93E5245A2095888B009E303A /* heart_white_alpha.png */; };
		93E5245D209588C2009E303A /* fan_white.png in Resources */ = {isa = PBXBuildFile; fileRef = 93E5245C209588C2009E303A /* fan_white.png */; };
		93E7662D20996B8A005455A8 /* UIViewController_Home.swift in Sources */ = {isa = PBXBuildFile; fileRef = 93E7662C20996B8A005455A8 /* UIViewController_Home.swift */; };
		93E766332099B7F3005455A8 /* UIViewController_Home_Public.swift in Sources */ = {isa = PBXBuildFile; fileRef = 93E766322099B7F3005455A8 /* UIViewController_Home_Public.swift */; };
		93E766392099B844005455A8 /* UIViewController_Home_FanCount.swift in Sources */ = {isa = PBXBuildFile; fileRef = 93E766382099B844005455A8 /* UIViewController_Home_FanCount.swift */; };
		93E7663B2099B852005455A8 /* UIViewController_Home_Near.swift in Sources */ = {isa = PBXBuildFile; fileRef = 93E7663A2099B852005455A8 /* UIViewController_Home_Near.swift */; };
		93E7663D2099B860005455A8 /* UIViewController_Home_New.swift in Sources */ = {isa = PBXBuildFile; fileRef = 93E7663C2099B860005455A8 /* UIViewController_Home_New.swift */; };
		93E7663F2099B979005455A8 /* UIViewCollectionCell_Home_Public.swift in Sources */ = {isa = PBXBuildFile; fileRef = 93E7663E2099B979005455A8 /* UIViewCollectionCell_Home_Public.swift */; };
		93E766432099BA5F005455A8 /* UIViewCollectionCell_Home_FanCount.swift in Sources */ = {isa = PBXBuildFile; fileRef = 93E766422099BA5F005455A8 /* UIViewCollectionCell_Home_FanCount.swift */; };
		93E766452099BA7B005455A8 /* UIViewCollectionCell_Home_Near.swift in Sources */ = {isa = PBXBuildFile; fileRef = 93E766442099BA7B005455A8 /* UIViewCollectionCell_Home_Near.swift */; };
		93E766472099BA94005455A8 /* UIViewCollectionCell_Home_New.swift in Sources */ = {isa = PBXBuildFile; fileRef = 93E766462099BA94005455A8 /* UIViewCollectionCell_Home_New.swift */; };
		93E7664B2099F0C9005455A8 /* main_rank_2.png in Resources */ = {isa = PBXBuildFile; fileRef = 93E766482099F0C8005455A8 /* main_rank_2.png */; };
		93E7664C2099F0CA005455A8 /* main_rank_1.png in Resources */ = {isa = PBXBuildFile; fileRef = 93E766492099F0C9005455A8 /* main_rank_1.png */; };
		93E7664D2099F0CA005455A8 /* main_rank_3.png in Resources */ = {isa = PBXBuildFile; fileRef = 93E7664A2099F0C9005455A8 /* main_rank_3.png */; };
		93E7664F2099F5B1005455A8 /* UIViewController_Home_Hot.swift in Sources */ = {isa = PBXBuildFile; fileRef = 93E7664E2099F5B1005455A8 /* UIViewController_Home_Hot.swift */; };
		93E766512099F69B005455A8 /* UIViewCollectionCell_Home_Hot.swift in Sources */ = {isa = PBXBuildFile; fileRef = 93E766502099F69B005455A8 /* UIViewCollectionCell_Home_Hot.swift */; };
		93E766532099FD12005455A8 /* main_icon_location.png in Resources */ = {isa = PBXBuildFile; fileRef = 93E766522099FD12005455A8 /* main_icon_location.png */; };
		93E766572099FD76005455A8 /* main_icon_hot.png in Resources */ = {isa = PBXBuildFile; fileRef = 93E766562099FD76005455A8 /* main_icon_hot.png */; };
		93E7665A209AF11C005455A8 /* UIViewController_UserPage.swift in Sources */ = {isa = PBXBuildFile; fileRef = 93E76659209AF11C005455A8 /* UIViewController_UserPage.swift */; };
		93E7665C209C221D005455A8 /* etc_itcon_board_write.png in Resources */ = {isa = PBXBuildFile; fileRef = 93E7665B209C221C005455A8 /* etc_itcon_board_write.png */; };
		93E7665E209C26A3005455A8 /* etc_icon_back.png in Resources */ = {isa = PBXBuildFile; fileRef = 93E7665D209C26A2005455A8 /* etc_icon_back.png */; };
		93E76665209C5BA6005455A8 /* etc_icon_heart.png in Resources */ = {isa = PBXBuildFile; fileRef = 93E7665F209C5BA4005455A8 /* etc_icon_heart.png */; };
		93E76666209C5BA6005455A8 /* etc_icon_chat.png in Resources */ = {isa = PBXBuildFile; fileRef = 93E76660209C5BA4005455A8 /* etc_icon_chat.png */; };
		93E76667209C5BA6005455A8 /* etc_icon_share.png in Resources */ = {isa = PBXBuildFile; fileRef = 93E76661209C5BA5005455A8 /* etc_icon_share.png */; };
		93E76668209C5BA6005455A8 /* etc_icon_favor.png in Resources */ = {isa = PBXBuildFile; fileRef = 93E76662209C5BA5005455A8 /* etc_icon_favor.png */; };
		93E76669209C5BA6005455A8 /* etc_icon_not_favor.png in Resources */ = {isa = PBXBuildFile; fileRef = 93E76663209C5BA5005455A8 /* etc_icon_not_favor.png */; };
		93E7666A209C5BA6005455A8 /* etc_icon_home.png in Resources */ = {isa = PBXBuildFile; fileRef = 93E76664209C5BA6005455A8 /* etc_icon_home.png */; };
		984F7E6BCCA63E223554DA90 /* Pods_talkking.framework in Frameworks */ = {isa = PBXBuildFile; fileRef = 4CE62041C31A9797ACD5992D /* Pods_talkking.framework */; };
/* End PBXBuildFile section */

/* Begin PBXContainerItemProxy section */
		3D5091CE208DF92200DA8C8F /* PBXContainerItemProxy */ = {
			isa = PBXContainerItemProxy;
			containerPortal = 3D5091B1208DF92000DA8C8F /* Project object */;
			proxyType = 1;
			remoteGlobalIDString = 3D5091B8208DF92000DA8C8F;
			remoteInfo = talkking;
		};
		3D5091D9208DF92200DA8C8F /* PBXContainerItemProxy */ = {
			isa = PBXContainerItemProxy;
			containerPortal = 3D5091B1208DF92000DA8C8F /* Project object */;
			proxyType = 1;
			remoteGlobalIDString = 3D5091B8208DF92000DA8C8F;
			remoteInfo = talkking;
		};
/* End PBXContainerItemProxy section */

/* Begin PBXFileReference section */
		3D5091B9208DF92000DA8C8F /* talkking.app */ = {isa = PBXFileReference; explicitFileType = wrapper.application; includeInIndex = 0; path = talkking.app; sourceTree = BUILT_PRODUCTS_DIR; };
		3D5091BC208DF92000DA8C8F /* AppDelegate.swift */ = {isa = PBXFileReference; lastKnownFileType = sourcecode.swift; path = AppDelegate.swift; sourceTree = "<group>"; };
		3D5091BE208DF92000DA8C8F /* ViewController.swift */ = {isa = PBXFileReference; lastKnownFileType = sourcecode.swift; path = ViewController.swift; sourceTree = "<group>"; };
		3D5091C1208DF92000DA8C8F /* Base */ = {isa = PBXFileReference; lastKnownFileType = file.storyboard; name = Base; path = Base.lproj/Main.storyboard; sourceTree = "<group>"; };
		3D5091C6208DF92100DA8C8F /* Base */ = {isa = PBXFileReference; lastKnownFileType = file.storyboard; name = Base; path = Base.lproj/LaunchScreen.storyboard; sourceTree = "<group>"; };
		3D5091C8208DF92100DA8C8F /* Info.plist */ = {isa = PBXFileReference; lastKnownFileType = text.plist.xml; path = Info.plist; sourceTree = "<group>"; };
		3D5091CD208DF92200DA8C8F /* talkkingTests.xctest */ = {isa = PBXFileReference; explicitFileType = wrapper.cfbundle; includeInIndex = 0; path = talkkingTests.xctest; sourceTree = BUILT_PRODUCTS_DIR; };
		3D5091D1208DF92200DA8C8F /* talkkingTests.swift */ = {isa = PBXFileReference; lastKnownFileType = sourcecode.swift; path = talkkingTests.swift; sourceTree = "<group>"; };
		3D5091D3208DF92200DA8C8F /* Info.plist */ = {isa = PBXFileReference; lastKnownFileType = text.plist.xml; path = Info.plist; sourceTree = "<group>"; };
		3D5091D8208DF92200DA8C8F /* talkkingUITests.xctest */ = {isa = PBXFileReference; explicitFileType = wrapper.cfbundle; includeInIndex = 0; path = talkkingUITests.xctest; sourceTree = BUILT_PRODUCTS_DIR; };
		3D5091DC208DF92200DA8C8F /* talkkingUITests.swift */ = {isa = PBXFileReference; lastKnownFileType = sourcecode.swift; path = talkkingUITests.swift; sourceTree = "<group>"; };
		3D5091DE208DF92200DA8C8F /* Info.plist */ = {isa = PBXFileReference; lastKnownFileType = text.plist.xml; path = Info.plist; sourceTree = "<group>"; };
		3D87315D2092077300022D90 /* GoogleService-Info.plist */ = {isa = PBXFileReference; fileEncoding = 4; lastKnownFileType = text.plist.xml; path = "GoogleService-Info.plist"; sourceTree = "<group>"; };
		3D87315F20930D3400022D90 /* FireBaseFunc.swift */ = {isa = PBXFileReference; lastKnownFileType = sourcecode.swift; path = FireBaseFunc.swift; sourceTree = "<group>"; };
		3D87316120948D1A00022D90 /* FanData.swift */ = {isa = PBXFileReference; lastKnownFileType = sourcecode.swift; path = FanData.swift; sourceTree = "<group>"; };
		3DA635B62091D2D800081F3B /* Podfile */ = {isa = PBXFileReference; lastKnownFileType = text; path = Podfile; sourceTree = "<group>"; xcLanguageSpecificationIdentifier = xcode.lang.ruby; };
		4CE62041C31A9797ACD5992D /* Pods_talkking.framework */ = {isa = PBXFileReference; explicitFileType = wrapper.framework; includeInIndex = 0; path = Pods_talkking.framework; sourceTree = BUILT_PRODUCTS_DIR; };
		53352310F5C94E0F2849069E /* Pods-talkkingTests.debug.xcconfig */ = {isa = PBXFileReference; includeInIndex = 1; lastKnownFileType = text.xcconfig; name = "Pods-talkkingTests.debug.xcconfig"; path = "Pods/Target Support Files/Pods-talkkingTests/Pods-talkkingTests.debug.xcconfig"; sourceTree = "<group>"; };
		930450DE20A55F17005E37FB /* etc_check_empty.png */ = {isa = PBXFileReference; lastKnownFileType = image.png; path = etc_check_empty.png; sourceTree = "<group>"; };
		930450DF20A55F18005E37FB /* etc_check_full.png */ = {isa = PBXFileReference; lastKnownFileType = image.png; path = etc_check_full.png; sourceTree = "<group>"; };
		930450E220A56273005E37FB /* UIViewController_ProvisionPage.swift */ = {isa = PBXFileReference; lastKnownFileType = sourcecode.swift; path = UIViewController_ProvisionPage.swift; sourceTree = "<group>"; };
		930450E420A580EB005E37FB /* UIViewController_NoticeListPage.swift */ = {isa = PBXFileReference; lastKnownFileType = sourcecode.swift; path = UIViewController_NoticeListPage.swift; sourceTree = "<group>"; };
		930450E620A584C1005E37FB /* etc_notice.png */ = {isa = PBXFileReference; lastKnownFileType = image.png; path = etc_notice.png; sourceTree = "<group>"; };
		930450E820A58899005E37FB /* UITableViewCell_Notice.swift */ = {isa = PBXFileReference; lastKnownFileType = sourcecode.swift; path = UITableViewCell_Notice.swift; sourceTree = "<group>"; };
		9318F93020903E0300E08F7D /* rank_bronze.png */ = {isa = PBXFileReference; lastKnownFileType = image.png; path = rank_bronze.png; sourceTree = "<group>"; };
		9318F93120903E0300E08F7D /* rank_diamond.png */ = {isa = PBXFileReference; lastKnownFileType = image.png; path = rank_diamond.png; sourceTree = "<group>"; };
		9318F93220903E0300E08F7D /* rank_vvip.png */ = {isa = PBXFileReference; lastKnownFileType = image.png; path = rank_vvip.png; sourceTree = "<group>"; };
		9318F93320903E0300E08F7D /* rank_vip.png */ = {isa = PBXFileReference; lastKnownFileType = image.png; path = rank_vip.png; sourceTree = "<group>"; };
		9318F93420903E0300E08F7D /* rank_gold.png */ = {isa = PBXFileReference; lastKnownFileType = image.png; path = rank_gold.png; sourceTree = "<group>"; };
		9318F93520903E0300E08F7D /* rank_silver.png */ = {isa = PBXFileReference; lastKnownFileType = image.png; path = rank_silver.png; sourceTree = "<group>"; };
		9318F93720903E0300E08F7D /* fan.png */ = {isa = PBXFileReference; lastKnownFileType = image.png; path = fan.png; sourceTree = "<group>"; };
		9318F93820903E0300E08F7D /* fan_select.png */ = {isa = PBXFileReference; lastKnownFileType = image.png; path = fan_select.png; sourceTree = "<group>"; };
		9318F93920903E0300E08F7D /* favor.png */ = {isa = PBXFileReference; lastKnownFileType = image.png; path = favor.png; sourceTree = "<group>"; };
		9318F93A20903E0300E08F7D /* chat_select.png */ = {isa = PBXFileReference; lastKnownFileType = image.png; path = chat_select.png; sourceTree = "<group>"; };
		9318F93B20903E0300E08F7D /* home.png */ = {isa = PBXFileReference; lastKnownFileType = image.png; path = home.png; sourceTree = "<group>"; };
		9318F93C20903E0300E08F7D /* favor_select.png */ = {isa = PBXFileReference; lastKnownFileType = image.png; path = favor_select.png; sourceTree = "<group>"; };
		9318F93D20903E0300E08F7D /* home_select.png */ = {isa = PBXFileReference; lastKnownFileType = image.png; path = home_select.png; sourceTree = "<group>"; };
		9318F93E20903E0300E08F7D /* board.png */ = {isa = PBXFileReference; lastKnownFileType = image.png; path = board.png; sourceTree = "<group>"; };
		9318F93F20903E0300E08F7D /* chat.png */ = {isa = PBXFileReference; lastKnownFileType = image.png; path = chat.png; sourceTree = "<group>"; };
		9318F94020903E0300E08F7D /* board_select.png */ = {isa = PBXFileReference; lastKnownFileType = image.png; path = board_select.png; sourceTree = "<group>"; };
		9318F94220903E0300E08F7D /* UITableViewCell_Favor.swift */ = {isa = PBXFileReference; fileEncoding = 4; lastKnownFileType = sourcecode.swift; path = UITableViewCell_Favor.swift; sourceTree = "<group>"; };
		9318F94320903E0300E08F7D /* UIViewController_Favor.swift */ = {isa = PBXFileReference; fileEncoding = 4; lastKnownFileType = sourcecode.swift; path = UIViewController_Favor.swift; sourceTree = "<group>"; };
		9318F94520903E0300E08F7D /* BoardData.swift */ = {isa = PBXFileReference; fileEncoding = 4; lastKnownFileType = sourcecode.swift; path = BoardData.swift; sourceTree = "<group>"; };
		9318F94620903E0300E08F7D /* MyUserData.swift */ = {isa = PBXFileReference; fileEncoding = 4; lastKnownFileType = sourcecode.swift; path = MyUserData.swift; sourceTree = "<group>"; };
		9318F94720903E0300E08F7D /* UserData.swift */ = {isa = PBXFileReference; fileEncoding = 4; lastKnownFileType = sourcecode.swift; path = UserData.swift; sourceTree = "<group>"; };
		9318F94920903E0300E08F7D /* ChatData.swift */ = {isa = PBXFileReference; fileEncoding = 4; lastKnownFileType = sourcecode.swift; path = ChatData.swift; sourceTree = "<group>"; };
		9318F94A20903E0300E08F7D /* DataMgr.swift */ = {isa = PBXFileReference; fileEncoding = 4; lastKnownFileType = sourcecode.swift; path = DataMgr.swift; sourceTree = "<group>"; };
		9318F96C2090498F00E08F7D /* CommonData.swift */ = {isa = PBXFileReference; lastKnownFileType = sourcecode.swift; path = CommonData.swift; sourceTree = "<group>"; };
		9318F96E2090499F00E08F7D /* CommonUIFunc.swift */ = {isa = PBXFileReference; lastKnownFileType = sourcecode.swift; path = CommonUIFunc.swift; sourceTree = "<group>"; };
		9318F970209049A900E08F7D /* CommonFunc.swift */ = {isa = PBXFileReference; lastKnownFileType = sourcecode.swift; path = CommonFunc.swift; sourceTree = "<group>"; };
		9318F972209051F100E08F7D /* UIViewController_ChatMain.swift */ = {isa = PBXFileReference; lastKnownFileType = sourcecode.swift; path = UIViewController_ChatMain.swift; sourceTree = "<group>"; };
		9318F974209052E700E08F7D /* UITableViewCell_ChatMain.swift */ = {isa = PBXFileReference; lastKnownFileType = sourcecode.swift; path = UITableViewCell_ChatMain.swift; sourceTree = "<group>"; };
		9318F97620906CFA00E08F7D /* UIViewController_Board.swift */ = {isa = PBXFileReference; lastKnownFileType = sourcecode.swift; path = UIViewController_Board.swift; sourceTree = "<group>"; };
		9318F97820906D0A00E08F7D /* UITableViewCell_Board.swift */ = {isa = PBXFileReference; lastKnownFileType = sourcecode.swift; path = UITableViewCell_Board.swift; sourceTree = "<group>"; };
		9318F97A20907E0300E08F7D /* fan_rank_2.png */ = {isa = PBXFileReference; lastKnownFileType = image.png; path = fan_rank_2.png; sourceTree = "<group>"; };
		9318F97B20907E0300E08F7D /* fan_rank_1.png */ = {isa = PBXFileReference; lastKnownFileType = image.png; path = fan_rank_1.png; sourceTree = "<group>"; };
		9318F97C20907E0300E08F7D /* fan_rank_big_2.png */ = {isa = PBXFileReference; lastKnownFileType = image.png; path = fan_rank_big_2.png; sourceTree = "<group>"; };
		9318F97D20907E0400E08F7D /* fan_rank_3.png */ = {isa = PBXFileReference; lastKnownFileType = image.png; path = fan_rank_3.png; sourceTree = "<group>"; };
		9318F97E20907E0400E08F7D /* fan_rank_big_3.png */ = {isa = PBXFileReference; lastKnownFileType = image.png; path = fan_rank_big_3.png; sourceTree = "<group>"; };
		9318F97F20907E0400E08F7D /* fan_rank_big_1.png */ = {isa = PBXFileReference; lastKnownFileType = image.png; path = fan_rank_big_1.png; sourceTree = "<group>"; };
		9318F98620907E0C00E08F7D /* heart_red.png */ = {isa = PBXFileReference; lastKnownFileType = image.png; path = heart_red.png; sourceTree = "<group>"; };
		9318F98820907E1D00E08F7D /* new_img.png */ = {isa = PBXFileReference; lastKnownFileType = image.png; path = new_img.png; sourceTree = "<group>"; };
		9318F98A20907E2E00E08F7D /* pearl.png */ = {isa = PBXFileReference; lastKnownFileType = image.png; path = pearl.png; sourceTree = "<group>"; };
		9318F98C20907E3500E08F7D /* opal.png */ = {isa = PBXFileReference; lastKnownFileType = image.png; path = opal.png; sourceTree = "<group>"; };
		9318F98E20907E4A00E08F7D /* ruby.png */ = {isa = PBXFileReference; lastKnownFileType = image.png; path = ruby.png; sourceTree = "<group>"; };
		9318F99020907E5000E08F7D /* sapphire.png */ = {isa = PBXFileReference; lastKnownFileType = image.png; path = sapphire.png; sourceTree = "<group>"; };
		9318F99220907E5C00E08F7D /* amethyst.png */ = {isa = PBXFileReference; lastKnownFileType = image.png; path = amethyst.png; sourceTree = "<group>"; };
		9318F99620907E8900E08F7D /* diamond.png */ = {isa = PBXFileReference; lastKnownFileType = image.png; path = diamond.png; sourceTree = "<group>"; };
		9318F99820907E9100E08F7D /* emerald.png */ = {isa = PBXFileReference; lastKnownFileType = image.png; path = emerald.png; sourceTree = "<group>"; };
		9318F99A20907F1D00E08F7D /* heart.png */ = {isa = PBXFileReference; lastKnownFileType = image.png; path = heart.png; sourceTree = "<group>"; };
		9353D9A720A58AEC006E4FAF /* UIViewController_NoticePage.swift */ = {isa = PBXFileReference; lastKnownFileType = sourcecode.swift; path = UIViewController_NoticePage.swift; sourceTree = "<group>"; };
		9353D9AA20A5B6DF006E4FAF /* charge_500.png */ = {isa = PBXFileReference; lastKnownFileType = image.png; path = charge_500.png; sourceTree = "<group>"; };
		9353D9AB20A5B6DF006E4FAF /* charge_30.png */ = {isa = PBXFileReference; lastKnownFileType = image.png; path = charge_30.png; sourceTree = "<group>"; };
		9353D9AC20A5B6E0006E4FAF /* charge_300.png */ = {isa = PBXFileReference; lastKnownFileType = image.png; path = charge_300.png; sourceTree = "<group>"; };
		9353D9AD20A5B6E1006E4FAF /* charge_50.png */ = {isa = PBXFileReference; lastKnownFileType = image.png; path = charge_50.png; sourceTree = "<group>"; };
		9353D9AE20A5B6E1006E4FAF /* charge_1000.png */ = {isa = PBXFileReference; lastKnownFileType = image.png; path = charge_1000.png; sourceTree = "<group>"; };
		9353D9AF20A5B6E2006E4FAF /* charge_100.png */ = {isa = PBXFileReference; lastKnownFileType = image.png; path = charge_100.png; sourceTree = "<group>"; };
		9353D9B020A5B6E3006E4FAF /* charge_10.png */ = {isa = PBXFileReference; lastKnownFileType = image.png; path = charge_10.png; sourceTree = "<group>"; };
		9353D9BA20A5BAC3006E4FAF /* UIViewController_ChargePage.swift */ = {isa = PBXFileReference; lastKnownFileType = sourcecode.swift; path = UIViewController_ChargePage.swift; sourceTree = "<group>"; };
		9353D9BC20A69460006E4FAF /* etc_icon_picture.png */ = {isa = PBXFileReference; lastKnownFileType = image.png; path = etc_icon_picture.png; sourceTree = "<group>"; };
		9353D9BE20A69A34006E4FAF /* UIViewController_ProfileSetting.swift */ = {isa = PBXFileReference; lastKnownFileType = sourcecode.swift; path = UIViewController_ProfileSetting.swift; sourceTree = "<group>"; };
		9353D9C020A806B8006E4FAF /* UIViewController_MyJewel.swift */ = {isa = PBXFileReference; lastKnownFileType = sourcecode.swift; path = UIViewController_MyJewel.swift; sourceTree = "<group>"; };
		9353D9C220A81040006E4FAF /* etc_jewel_10.png */ = {isa = PBXFileReference; lastKnownFileType = image.png; path = etc_jewel_10.png; sourceTree = "<group>"; };
		9353D9C320A81041006E4FAF /* etc_jewel_1.png */ = {isa = PBXFileReference; lastKnownFileType = image.png; path = etc_jewel_1.png; sourceTree = "<group>"; };
		9353D9C620A8128D006E4FAF /* UIViewController_RecvHeartPage.swift */ = {isa = PBXFileReference; lastKnownFileType = sourcecode.swift; path = UIViewController_RecvHeartPage.swift; sourceTree = "<group>"; };
		9353D9C820A8142D006E4FAF /* UITableViewCell_RecvHeart.swift */ = {isa = PBXFileReference; lastKnownFileType = sourcecode.swift; path = UITableViewCell_RecvHeart.swift; sourceTree = "<group>"; };
		9353D9CC20A817B2006E4FAF /* UIViewCollectionCell_UserPage_Fan.swift */ = {isa = PBXFileReference; fileEncoding = 4; lastKnownFileType = sourcecode.swift; path = UIViewCollectionCell_UserPage_Fan.swift; sourceTree = "<group>"; };
		9353D9D020A832CF006E4FAF /* UIViewController_ThumbnailList.swift */ = {isa = PBXFileReference; fileEncoding = 4; lastKnownFileType = sourcecode.swift; path = UIViewController_ThumbnailList.swift; sourceTree = "<group>"; };
		93A4C4D920A05EF300066594 /* etc_icon_notice.png */ = {isa = PBXFileReference; lastKnownFileType = image.png; path = etc_icon_notice.png; sourceTree = "<group>"; };
		93A4C4DB20A0615A00066594 /* etc_icon_setting.png */ = {isa = PBXFileReference; lastKnownFileType = image.png; path = etc_icon_setting.png; sourceTree = "<group>"; };
		93A4C4DC20A0615B00066594 /* etc_icon_thumbnail.png */ = {isa = PBXFileReference; lastKnownFileType = image.png; path = etc_icon_thumbnail.png; sourceTree = "<group>"; };
		93A4C4DF20A0670C00066594 /* etc_icon_coin.png */ = {isa = PBXFileReference; lastKnownFileType = image.png; path = etc_icon_coin.png; sourceTree = "<group>"; };
		93A4C4E120A06A0F00066594 /* UIViewController_MyUserPage.swift */ = {isa = PBXFileReference; lastKnownFileType = sourcecode.swift; path = UIViewController_MyUserPage.swift; sourceTree = "<group>"; };
		93A4C4E320A07F9A00066594 /* UIViewController_InputPage.swift */ = {isa = PBXFileReference; lastKnownFileType = sourcecode.swift; path = UIViewController_InputPage.swift; sourceTree = "<group>"; };
		93A4C4E520A1E0A100066594 /* etc_icon_main.png */ = {isa = PBXFileReference; lastKnownFileType = image.png; path = etc_icon_main.png; sourceTree = "<group>"; };
		93A4C4E720A1E1CD00066594 /* icon_main_heart_recv.png */ = {isa = PBXFileReference; lastKnownFileType = image.png; path = icon_main_heart_recv.png; sourceTree = "<group>"; };
		93A4C4E820A1E1CD00066594 /* icon_main_mypage.png */ = {isa = PBXFileReference; lastKnownFileType = image.png; path = icon_main_mypage.png; sourceTree = "<group>"; };
		93A4C4E920A1E1CE00066594 /* icon_main_filter.png */ = {isa = PBXFileReference; lastKnownFileType = image.png; path = icon_main_filter.png; sourceTree = "<group>"; };
		93A4C4EA20A1E1CE00066594 /* icon_main_randombox.png */ = {isa = PBXFileReference; lastKnownFileType = image.png; path = icon_main_randombox.png; sourceTree = "<group>"; };
		93E524502092186F009E303A /* UITableViewCell_Fan.swift */ = {isa = PBXFileReference; fileEncoding = 4; lastKnownFileType = sourcecode.swift; path = UITableViewCell_Fan.swift; sourceTree = "<group>"; };
		93E524512092186F009E303A /* UIViewController_Fan.swift */ = {isa = PBXFileReference; fileEncoding = 4; lastKnownFileType = sourcecode.swift; path = UIViewController_Fan.swift; sourceTree = "<group>"; };
		93E524542092EDA0009E303A /* Assets.xcassets */ = {isa = PBXFileReference; lastKnownFileType = folder.assetcatalog; path = Assets.xcassets; sourceTree = "<group>"; };
		93E52458209583CA009E303A /* report.png */ = {isa = PBXFileReference; lastKnownFileType = image.png; path = report.png; sourceTree = "<group>"; };
		93E5245A2095888B009E303A /* heart_white_alpha.png */ = {isa = PBXFileReference; lastKnownFileType = image.png; path = heart_white_alpha.png; sourceTree = "<group>"; };
		93E5245C209588C2009E303A /* fan_white.png */ = {isa = PBXFileReference; lastKnownFileType = image.png; path = fan_white.png; sourceTree = "<group>"; };
		93E7662C20996B8A005455A8 /* UIViewController_Home.swift */ = {isa = PBXFileReference; fileEncoding = 4; lastKnownFileType = sourcecode.swift; path = UIViewController_Home.swift; sourceTree = "<group>"; };
		93E766322099B7F3005455A8 /* UIViewController_Home_Public.swift */ = {isa = PBXFileReference; lastKnownFileType = sourcecode.swift; path = UIViewController_Home_Public.swift; sourceTree = "<group>"; };
		93E766382099B844005455A8 /* UIViewController_Home_FanCount.swift */ = {isa = PBXFileReference; lastKnownFileType = sourcecode.swift; path = UIViewController_Home_FanCount.swift; sourceTree = "<group>"; };
		93E7663A2099B852005455A8 /* UIViewController_Home_Near.swift */ = {isa = PBXFileReference; lastKnownFileType = sourcecode.swift; path = UIViewController_Home_Near.swift; sourceTree = "<group>"; };
		93E7663C2099B860005455A8 /* UIViewController_Home_New.swift */ = {isa = PBXFileReference; lastKnownFileType = sourcecode.swift; path = UIViewController_Home_New.swift; sourceTree = "<group>"; };
		93E7663E2099B979005455A8 /* UIViewCollectionCell_Home_Public.swift */ = {isa = PBXFileReference; lastKnownFileType = sourcecode.swift; path = UIViewCollectionCell_Home_Public.swift; sourceTree = "<group>"; };
		93E766422099BA5F005455A8 /* UIViewCollectionCell_Home_FanCount.swift */ = {isa = PBXFileReference; lastKnownFileType = sourcecode.swift; path = UIViewCollectionCell_Home_FanCount.swift; sourceTree = "<group>"; };
		93E766442099BA7B005455A8 /* UIViewCollectionCell_Home_Near.swift */ = {isa = PBXFileReference; lastKnownFileType = sourcecode.swift; path = UIViewCollectionCell_Home_Near.swift; sourceTree = "<group>"; };
		93E766462099BA94005455A8 /* UIViewCollectionCell_Home_New.swift */ = {isa = PBXFileReference; lastKnownFileType = sourcecode.swift; path = UIViewCollectionCell_Home_New.swift; sourceTree = "<group>"; };
		93E766482099F0C8005455A8 /* main_rank_2.png */ = {isa = PBXFileReference; lastKnownFileType = image.png; path = main_rank_2.png; sourceTree = "<group>"; };
		93E766492099F0C9005455A8 /* main_rank_1.png */ = {isa = PBXFileReference; lastKnownFileType = image.png; path = main_rank_1.png; sourceTree = "<group>"; };
		93E7664A2099F0C9005455A8 /* main_rank_3.png */ = {isa = PBXFileReference; lastKnownFileType = image.png; path = main_rank_3.png; sourceTree = "<group>"; };
		93E7664E2099F5B1005455A8 /* UIViewController_Home_Hot.swift */ = {isa = PBXFileReference; lastKnownFileType = sourcecode.swift; path = UIViewController_Home_Hot.swift; sourceTree = "<group>"; };
		93E766502099F69B005455A8 /* UIViewCollectionCell_Home_Hot.swift */ = {isa = PBXFileReference; lastKnownFileType = sourcecode.swift; path = UIViewCollectionCell_Home_Hot.swift; sourceTree = "<group>"; };
		93E766522099FD12005455A8 /* main_icon_location.png */ = {isa = PBXFileReference; lastKnownFileType = image.png; path = main_icon_location.png; sourceTree = "<group>"; };
		93E766562099FD76005455A8 /* main_icon_hot.png */ = {isa = PBXFileReference; lastKnownFileType = image.png; path = main_icon_hot.png; sourceTree = "<group>"; };
		93E76659209AF11C005455A8 /* UIViewController_UserPage.swift */ = {isa = PBXFileReference; lastKnownFileType = sourcecode.swift; path = UIViewController_UserPage.swift; sourceTree = "<group>"; };
		93E7665B209C221C005455A8 /* etc_itcon_board_write.png */ = {isa = PBXFileReference; lastKnownFileType = image.png; path = etc_itcon_board_write.png; sourceTree = "<group>"; };
		93E7665D209C26A2005455A8 /* etc_icon_back.png */ = {isa = PBXFileReference; lastKnownFileType = image.png; path = etc_icon_back.png; sourceTree = "<group>"; };
		93E7665F209C5BA4005455A8 /* etc_icon_heart.png */ = {isa = PBXFileReference; lastKnownFileType = image.png; path = etc_icon_heart.png; sourceTree = "<group>"; };
		93E76660209C5BA4005455A8 /* etc_icon_chat.png */ = {isa = PBXFileReference; lastKnownFileType = image.png; path = etc_icon_chat.png; sourceTree = "<group>"; };
		93E76661209C5BA5005455A8 /* etc_icon_share.png */ = {isa = PBXFileReference; lastKnownFileType = image.png; path = etc_icon_share.png; sourceTree = "<group>"; };
		93E76662209C5BA5005455A8 /* etc_icon_favor.png */ = {isa = PBXFileReference; lastKnownFileType = image.png; path = etc_icon_favor.png; sourceTree = "<group>"; };
		93E76663209C5BA5005455A8 /* etc_icon_not_favor.png */ = {isa = PBXFileReference; lastKnownFileType = image.png; path = etc_icon_not_favor.png; sourceTree = "<group>"; };
		93E76664209C5BA6005455A8 /* etc_icon_home.png */ = {isa = PBXFileReference; lastKnownFileType = image.png; path = etc_icon_home.png; sourceTree = "<group>"; };
		9AF8EC7116B3018C39A3C35C /* Pods-talkkingTests.release.xcconfig */ = {isa = PBXFileReference; includeInIndex = 1; lastKnownFileType = text.xcconfig; name = "Pods-talkkingTests.release.xcconfig"; path = "Pods/Target Support Files/Pods-talkkingTests/Pods-talkkingTests.release.xcconfig"; sourceTree = "<group>"; };
		A76CA12B4956316FCD0FBDBA /* Pods-talkkingUITests.debug.xcconfig */ = {isa = PBXFileReference; includeInIndex = 1; lastKnownFileType = text.xcconfig; name = "Pods-talkkingUITests.debug.xcconfig"; path = "Pods/Target Support Files/Pods-talkkingUITests/Pods-talkkingUITests.debug.xcconfig"; sourceTree = "<group>"; };
		BD54EC540FA7633BC1BEA87A /* Pods-talkking.debug.xcconfig */ = {isa = PBXFileReference; includeInIndex = 1; lastKnownFileType = text.xcconfig; name = "Pods-talkking.debug.xcconfig"; path = "Pods/Target Support Files/Pods-talkking/Pods-talkking.debug.xcconfig"; sourceTree = "<group>"; };
		CA66D18ECD38054FF2D97C22 /* Pods_talkkingTests.framework */ = {isa = PBXFileReference; explicitFileType = wrapper.framework; includeInIndex = 0; path = Pods_talkkingTests.framework; sourceTree = BUILT_PRODUCTS_DIR; };
		D42D7350E03D89B9AE8A9F90 /* Pods_talkkingUITests.framework */ = {isa = PBXFileReference; explicitFileType = wrapper.framework; includeInIndex = 0; path = Pods_talkkingUITests.framework; sourceTree = BUILT_PRODUCTS_DIR; };
		DE5DEC812A2B957E125D15C5 /* Pods-talkkingUITests.release.xcconfig */ = {isa = PBXFileReference; includeInIndex = 1; lastKnownFileType = text.xcconfig; name = "Pods-talkkingUITests.release.xcconfig"; path = "Pods/Target Support Files/Pods-talkkingUITests/Pods-talkkingUITests.release.xcconfig"; sourceTree = "<group>"; };
		F1AFF606777DF8EFF9DC1B1F /* Pods-talkking.release.xcconfig */ = {isa = PBXFileReference; includeInIndex = 1; lastKnownFileType = text.xcconfig; name = "Pods-talkking.release.xcconfig"; path = "Pods/Target Support Files/Pods-talkking/Pods-talkking.release.xcconfig"; sourceTree = "<group>"; };
/* End PBXFileReference section */

/* Begin PBXFrameworksBuildPhase section */
		3D5091B6208DF92000DA8C8F /* Frameworks */ = {
			isa = PBXFrameworksBuildPhase;
			buildActionMask = 2147483647;
			files = (
				984F7E6BCCA63E223554DA90 /* Pods_talkking.framework in Frameworks */,
			);
			runOnlyForDeploymentPostprocessing = 0;
		};
		3D5091CA208DF92200DA8C8F /* Frameworks */ = {
			isa = PBXFrameworksBuildPhase;
			buildActionMask = 2147483647;
			files = (
				1A507F6528AAC0FCD05F1D1E /* Pods_talkkingTests.framework in Frameworks */,
			);
			runOnlyForDeploymentPostprocessing = 0;
		};
		3D5091D5208DF92200DA8C8F /* Frameworks */ = {
			isa = PBXFrameworksBuildPhase;
			buildActionMask = 2147483647;
			files = (
				75CA69A90FD45DBA81B64F20 /* Pods_talkkingUITests.framework in Frameworks */,
			);
			runOnlyForDeploymentPostprocessing = 0;
		};
/* End PBXFrameworksBuildPhase section */

/* Begin PBXGroup section */
		0B03AB831311E81C4EEEE1E8 /* Pods */ = {
			isa = PBXGroup;
			children = (
				BD54EC540FA7633BC1BEA87A /* Pods-talkking.debug.xcconfig */,
				F1AFF606777DF8EFF9DC1B1F /* Pods-talkking.release.xcconfig */,
				53352310F5C94E0F2849069E /* Pods-talkkingTests.debug.xcconfig */,
				9AF8EC7116B3018C39A3C35C /* Pods-talkkingTests.release.xcconfig */,
				A76CA12B4956316FCD0FBDBA /* Pods-talkkingUITests.debug.xcconfig */,
				DE5DEC812A2B957E125D15C5 /* Pods-talkkingUITests.release.xcconfig */,
			);
			name = Pods;
			sourceTree = "<group>";
		};
		3D5091B0208DF92000DA8C8F = {
			isa = PBXGroup;
			children = (
				3DA635B62091D2D800081F3B /* Podfile */,
				3D5091BB208DF92000DA8C8F /* talkking */,
				3D5091D0208DF92200DA8C8F /* talkkingTests */,
				3D5091DB208DF92200DA8C8F /* talkkingUITests */,
				3D5091BA208DF92000DA8C8F /* Products */,
				0B03AB831311E81C4EEEE1E8 /* Pods */,
				BC617FE344A5616F1915D1DE /* Frameworks */,
			);
			sourceTree = "<group>";
		};
		3D5091BA208DF92000DA8C8F /* Products */ = {
			isa = PBXGroup;
			children = (
				3D5091B9208DF92000DA8C8F /* talkking.app */,
				3D5091CD208DF92200DA8C8F /* talkkingTests.xctest */,
				3D5091D8208DF92200DA8C8F /* talkkingUITests.xctest */,
			);
			name = Products;
			sourceTree = "<group>";
		};
		3D5091BB208DF92000DA8C8F /* talkking */ = {
			isa = PBXGroup;
			children = (
				3D87315D2092077300022D90 /* GoogleService-Info.plist */,
				9318F96B2090496E00E08F7D /* Common */,
				9318F94420903E0300E08F7D /* Data */,
				9318F92420903E0300E08F7D /* Library */,
				9318F92E20903E0300E08F7D /* Resource */,
				9318F94120903E0300E08F7D /* UI */,
				3D5091BC208DF92000DA8C8F /* AppDelegate.swift */,
				3D5091BE208DF92000DA8C8F /* ViewController.swift */,
				93E524542092EDA0009E303A /* Assets.xcassets */,
				3D5091C0208DF92000DA8C8F /* Main.storyboard */,
				3D5091C5208DF92100DA8C8F /* LaunchScreen.storyboard */,
				3D5091C8208DF92100DA8C8F /* Info.plist */,
			);
			path = talkking;
			sourceTree = "<group>";
		};
		3D5091D0208DF92200DA8C8F /* talkkingTests */ = {
			isa = PBXGroup;
			children = (
				3D5091D1208DF92200DA8C8F /* talkkingTests.swift */,
				3D5091D3208DF92200DA8C8F /* Info.plist */,
			);
			path = talkkingTests;
			sourceTree = "<group>";
		};
		3D5091DB208DF92200DA8C8F /* talkkingUITests */ = {
			isa = PBXGroup;
			children = (
				3D5091DC208DF92200DA8C8F /* talkkingUITests.swift */,
				3D5091DE208DF92200DA8C8F /* Info.plist */,
			);
			path = talkkingUITests;
			sourceTree = "<group>";
		};
		9318F92420903E0300E08F7D /* Library */ = {
			isa = PBXGroup;
			children = (
			);
			path = Library;
			sourceTree = "<group>";
		};
		9318F92E20903E0300E08F7D /* Resource */ = {
			isa = PBXGroup;
			children = (
				9353D9A920A5B6C9006E4FAF /* charge */,
				9318F99E2090815700E08F7D /* etc */,
				9318F99D20907FBD00E08F7D /* icon_item */,
				9318F99C20907F3200E08F7D /* fan_rank */,
				9318F92F20903E0300E08F7D /* icon_rank */,
				9318F93620903E0300E08F7D /* icon_main */,
			);
			path = Resource;
			sourceTree = "<group>";
		};
		9318F92F20903E0300E08F7D /* icon_rank */ = {
			isa = PBXGroup;
			children = (
				9318F93020903E0300E08F7D /* rank_bronze.png */,
				9318F93120903E0300E08F7D /* rank_diamond.png */,
				9318F93220903E0300E08F7D /* rank_vvip.png */,
				9318F93320903E0300E08F7D /* rank_vip.png */,
				9318F93420903E0300E08F7D /* rank_gold.png */,
				9318F93520903E0300E08F7D /* rank_silver.png */,
			);
			path = icon_rank;
			sourceTree = "<group>";
		};
		9318F93620903E0300E08F7D /* icon_main */ = {
			isa = PBXGroup;
			children = (
				93A4C4E920A1E1CE00066594 /* icon_main_filter.png */,
				93A4C4E720A1E1CD00066594 /* icon_main_heart_recv.png */,
				93A4C4E820A1E1CD00066594 /* icon_main_mypage.png */,
				93A4C4EA20A1E1CE00066594 /* icon_main_randombox.png */,
				9318F93720903E0300E08F7D /* fan.png */,
				9318F93820903E0300E08F7D /* fan_select.png */,
				9318F93920903E0300E08F7D /* favor.png */,
				9318F93A20903E0300E08F7D /* chat_select.png */,
				9318F93B20903E0300E08F7D /* home.png */,
				9318F93C20903E0300E08F7D /* favor_select.png */,
				9318F93D20903E0300E08F7D /* home_select.png */,
				9318F93E20903E0300E08F7D /* board.png */,
				9318F93F20903E0300E08F7D /* chat.png */,
				9318F94020903E0300E08F7D /* board_select.png */,
			);
			path = icon_main;
			sourceTree = "<group>";
		};
		9318F94120903E0300E08F7D /* UI */ = {
			isa = PBXGroup;
			children = (
				93E76658209AF102005455A8 /* Page */,
				93E766402099B9B7005455A8 /* Main */,
			);
			path = UI;
			sourceTree = "<group>";
		};
		9318F94420903E0300E08F7D /* Data */ = {
			isa = PBXGroup;
			children = (
				9318F94520903E0300E08F7D /* BoardData.swift */,
				9318F94620903E0300E08F7D /* MyUserData.swift */,
				9318F94720903E0300E08F7D /* UserData.swift */,
				9318F94920903E0300E08F7D /* ChatData.swift */,
				9318F94A20903E0300E08F7D /* DataMgr.swift */,
				3D87315F20930D3400022D90 /* FireBaseFunc.swift */,
				3D87316120948D1A00022D90 /* FanData.swift */,
			);
			path = Data;
			sourceTree = "<group>";
		};
		9318F96B2090496E00E08F7D /* Common */ = {
			isa = PBXGroup;
			children = (
				9318F96C2090498F00E08F7D /* CommonData.swift */,
				9318F96E2090499F00E08F7D /* CommonUIFunc.swift */,
				9318F970209049A900E08F7D /* CommonFunc.swift */,
			);
			path = Common;
			sourceTree = "<group>";
		};
		9318F99C20907F3200E08F7D /* fan_rank */ = {
			isa = PBXGroup;
			children = (
				9318F97F20907E0400E08F7D /* fan_rank_big_1.png */,
				9318F97C20907E0300E08F7D /* fan_rank_big_2.png */,
				9318F97E20907E0400E08F7D /* fan_rank_big_3.png */,
				9318F97B20907E0300E08F7D /* fan_rank_1.png */,
				9318F97A20907E0300E08F7D /* fan_rank_2.png */,
				9318F97D20907E0400E08F7D /* fan_rank_3.png */,
			);
			path = fan_rank;
			sourceTree = "<group>";
		};
		9318F99D20907FBD00E08F7D /* icon_item */ = {
			isa = PBXGroup;
			children = (
				9318F99820907E9100E08F7D /* emerald.png */,
				9318F99620907E8900E08F7D /* diamond.png */,
				9318F99220907E5C00E08F7D /* amethyst.png */,
				9318F99020907E5000E08F7D /* sapphire.png */,
				9318F98E20907E4A00E08F7D /* ruby.png */,
				9318F98C20907E3500E08F7D /* opal.png */,
				9318F98A20907E2E00E08F7D /* pearl.png */,
			);
			path = icon_item;
			sourceTree = "<group>";
		};
		9318F99E2090815700E08F7D /* etc */ = {
			isa = PBXGroup;
			children = (
				9353D9C320A81041006E4FAF /* etc_jewel_1.png */,
				9353D9C220A81040006E4FAF /* etc_jewel_10.png */,
				9353D9BC20A69460006E4FAF /* etc_icon_picture.png */,
				930450DE20A55F17005E37FB /* etc_check_empty.png */,
				930450DF20A55F18005E37FB /* etc_check_full.png */,
				93A4C4E520A1E0A100066594 /* etc_icon_main.png */,
				93A4C4DF20A0670C00066594 /* etc_icon_coin.png */,
				93A4C4DC20A0615B00066594 /* etc_icon_thumbnail.png */,
				93A4C4DB20A0615A00066594 /* etc_icon_setting.png */,
				930450E620A584C1005E37FB /* etc_notice.png */,
				93A4C4D920A05EF300066594 /* etc_icon_notice.png */,
				93E76660209C5BA4005455A8 /* etc_icon_chat.png */,
				93E76662209C5BA5005455A8 /* etc_icon_favor.png */,
				93E7665F209C5BA4005455A8 /* etc_icon_heart.png */,
				93E76664209C5BA6005455A8 /* etc_icon_home.png */,
				93E76663209C5BA5005455A8 /* etc_icon_not_favor.png */,
				93E76661209C5BA5005455A8 /* etc_icon_share.png */,
				93E7665D209C26A2005455A8 /* etc_icon_back.png */,
				93E7665B209C221C005455A8 /* etc_itcon_board_write.png */,
				93E766562099FD76005455A8 /* main_icon_hot.png */,
				93E766522099FD12005455A8 /* main_icon_location.png */,
				93E766492099F0C9005455A8 /* main_rank_1.png */,
				93E766482099F0C8005455A8 /* main_rank_2.png */,
				93E7664A2099F0C9005455A8 /* main_rank_3.png */,
				93E52458209583CA009E303A /* report.png */,
				9318F98820907E1D00E08F7D /* new_img.png */,
				9318F98620907E0C00E08F7D /* heart_red.png */,
				9318F99A20907F1D00E08F7D /* heart.png */,
				93E5245A2095888B009E303A /* heart_white_alpha.png */,
				93E5245C209588C2009E303A /* fan_white.png */,
			);
			path = etc;
			sourceTree = "<group>";
		};
		9353D9A920A5B6C9006E4FAF /* charge */ = {
			isa = PBXGroup;
			children = (
				9353D9B020A5B6E3006E4FAF /* charge_10.png */,
				9353D9AB20A5B6DF006E4FAF /* charge_30.png */,
				9353D9AD20A5B6E1006E4FAF /* charge_50.png */,
				9353D9AF20A5B6E2006E4FAF /* charge_100.png */,
				9353D9AC20A5B6E0006E4FAF /* charge_300.png */,
				9353D9AA20A5B6DF006E4FAF /* charge_500.png */,
				9353D9AE20A5B6E1006E4FAF /* charge_1000.png */,
			);
			path = charge;
			sourceTree = "<group>";
		};
		93E766402099B9B7005455A8 /* Main */ = {
			isa = PBXGroup;
			children = (
				93E766412099B9D3005455A8 /* Home */,
				9318F94320903E0300E08F7D /* UIViewController_Favor.swift */,
				9318F94220903E0300E08F7D /* UITableViewCell_Favor.swift */,
				9318F972209051F100E08F7D /* UIViewController_ChatMain.swift */,
				9318F974209052E700E08F7D /* UITableViewCell_ChatMain.swift */,
				9318F97620906CFA00E08F7D /* UIViewController_Board.swift */,
				9318F97820906D0A00E08F7D /* UITableViewCell_Board.swift */,
				93E524512092186F009E303A /* UIViewController_Fan.swift */,
				93E524502092186F009E303A /* UITableViewCell_Fan.swift */,
			);
			path = Main;
			sourceTree = "<group>";
		};
		93E766412099B9D3005455A8 /* Home */ = {
			isa = PBXGroup;
			children = (
				93E7662C20996B8A005455A8 /* UIViewController_Home.swift */,
				93E766322099B7F3005455A8 /* UIViewController_Home_Public.swift */,
				93E766382099B844005455A8 /* UIViewController_Home_FanCount.swift */,
				93E7663A2099B852005455A8 /* UIViewController_Home_Near.swift */,
				93E7663C2099B860005455A8 /* UIViewController_Home_New.swift */,
				93E7664E2099F5B1005455A8 /* UIViewController_Home_Hot.swift */,
				93E7663E2099B979005455A8 /* UIViewCollectionCell_Home_Public.swift */,
				93E766422099BA5F005455A8 /* UIViewCollectionCell_Home_FanCount.swift */,
				93E766442099BA7B005455A8 /* UIViewCollectionCell_Home_Near.swift */,
				93E766462099BA94005455A8 /* UIViewCollectionCell_Home_New.swift */,
				93E766502099F69B005455A8 /* UIViewCollectionCell_Home_Hot.swift */,
			);
			path = Home;
			sourceTree = "<group>";
		};
		93E76658209AF102005455A8 /* Page */ = {
			isa = PBXGroup;
			children = (
				93E76659209AF11C005455A8 /* UIViewController_UserPage.swift */,
				9353D9CC20A817B2006E4FAF /* UIViewCollectionCell_UserPage_Fan.swift */,
				93A4C4E120A06A0F00066594 /* UIViewController_MyUserPage.swift */,
				93A4C4E320A07F9A00066594 /* UIViewController_InputPage.swift */,
				930450E220A56273005E37FB /* UIViewController_ProvisionPage.swift */,
				930450E420A580EB005E37FB /* UIViewController_NoticeListPage.swift */,
				930450E820A58899005E37FB /* UITableViewCell_Notice.swift */,
				9353D9A720A58AEC006E4FAF /* UIViewController_NoticePage.swift */,
				9353D9BA20A5BAC3006E4FAF /* UIViewController_ChargePage.swift */,
				9353D9BE20A69A34006E4FAF /* UIViewController_ProfileSetting.swift */,
				9353D9C020A806B8006E4FAF /* UIViewController_MyJewel.swift */,
				9353D9C620A8128D006E4FAF /* UIViewController_RecvHeartPage.swift */,
				9353D9C820A8142D006E4FAF /* UITableViewCell_RecvHeart.swift */,
				9353D9D020A832CF006E4FAF /* UIViewController_ThumbnailList.swift */,
			);
			path = Page;
			sourceTree = "<group>";
		};
		BC617FE344A5616F1915D1DE /* Frameworks */ = {
			isa = PBXGroup;
			children = (
				4CE62041C31A9797ACD5992D /* Pods_talkking.framework */,
				CA66D18ECD38054FF2D97C22 /* Pods_talkkingTests.framework */,
				D42D7350E03D89B9AE8A9F90 /* Pods_talkkingUITests.framework */,
			);
			name = Frameworks;
			sourceTree = "<group>";
		};
/* End PBXGroup section */

/* Begin PBXNativeTarget section */
		3D5091B8208DF92000DA8C8F /* talkking */ = {
			isa = PBXNativeTarget;
			buildConfigurationList = 3D5091E1208DF92200DA8C8F /* Build configuration list for PBXNativeTarget "talkking" */;
			buildPhases = (
				1E440AEC1AD08A72BAF2126E /* [CP] Check Pods Manifest.lock */,
				3D5091B5208DF92000DA8C8F /* Sources */,
				3D5091B6208DF92000DA8C8F /* Frameworks */,
				3D5091B7208DF92000DA8C8F /* Resources */,
				2345ADA7DF1F3AF24D4609C8 /* [CP] Embed Pods Frameworks */,
			);
			buildRules = (
			);
			dependencies = (
			);
			name = talkking;
			productName = talkking;
			productReference = 3D5091B9208DF92000DA8C8F /* talkking.app */;
			productType = "com.apple.product-type.application";
		};
		3D5091CC208DF92200DA8C8F /* talkkingTests */ = {
			isa = PBXNativeTarget;
			buildConfigurationList = 3D5091E4208DF92200DA8C8F /* Build configuration list for PBXNativeTarget "talkkingTests" */;
			buildPhases = (
				6962F145C514F44EF4D5CBB9 /* [CP] Check Pods Manifest.lock */,
				3D5091C9208DF92200DA8C8F /* Sources */,
				3D5091CA208DF92200DA8C8F /* Frameworks */,
				3D5091CB208DF92200DA8C8F /* Resources */,
				3E0659F20E3ACE64B410DF97 /* [CP] Embed Pods Frameworks */,
			);
			buildRules = (
			);
			dependencies = (
				3D5091CF208DF92200DA8C8F /* PBXTargetDependency */,
			);
			name = talkkingTests;
			productName = talkkingTests;
			productReference = 3D5091CD208DF92200DA8C8F /* talkkingTests.xctest */;
			productType = "com.apple.product-type.bundle.unit-test";
		};
		3D5091D7208DF92200DA8C8F /* talkkingUITests */ = {
			isa = PBXNativeTarget;
			buildConfigurationList = 3D5091E7208DF92200DA8C8F /* Build configuration list for PBXNativeTarget "talkkingUITests" */;
			buildPhases = (
				3C578DAE5B33296A87FFC0E8 /* [CP] Check Pods Manifest.lock */,
				3D5091D4208DF92200DA8C8F /* Sources */,
				3D5091D5208DF92200DA8C8F /* Frameworks */,
				3D5091D6208DF92200DA8C8F /* Resources */,
				1DAEE0BAFBD61F8DE6C38AB1 /* [CP] Embed Pods Frameworks */,
			);
			buildRules = (
			);
			dependencies = (
				3D5091DA208DF92200DA8C8F /* PBXTargetDependency */,
			);
			name = talkkingUITests;
			productName = talkkingUITests;
			productReference = 3D5091D8208DF92200DA8C8F /* talkkingUITests.xctest */;
			productType = "com.apple.product-type.bundle.ui-testing";
		};
/* End PBXNativeTarget section */

/* Begin PBXProject section */
		3D5091B1208DF92000DA8C8F /* Project object */ = {
			isa = PBXProject;
			attributes = {
				LastSwiftUpdateCheck = 0930;
				LastUpgradeCheck = 0930;
				ORGANIZATIONNAME = "도호소프트";
				TargetAttributes = {
					3D5091B8208DF92000DA8C8F = {
						CreatedOnToolsVersion = 9.3;
					};
					3D5091CC208DF92200DA8C8F = {
						CreatedOnToolsVersion = 9.3;
						TestTargetID = 3D5091B8208DF92000DA8C8F;
					};
					3D5091D7208DF92200DA8C8F = {
						CreatedOnToolsVersion = 9.3;
						TestTargetID = 3D5091B8208DF92000DA8C8F;
					};
				};
			};
			buildConfigurationList = 3D5091B4208DF92000DA8C8F /* Build configuration list for PBXProject "talkking" */;
			compatibilityVersion = "Xcode 9.3";
			developmentRegion = en;
			hasScannedForEncodings = 0;
			knownRegions = (
				en,
				Base,
			);
			mainGroup = 3D5091B0208DF92000DA8C8F;
			productRefGroup = 3D5091BA208DF92000DA8C8F /* Products */;
			projectDirPath = "";
			projectRoot = "";
			targets = (
				3D5091B8208DF92000DA8C8F /* talkking */,
				3D5091CC208DF92200DA8C8F /* talkkingTests */,
				3D5091D7208DF92200DA8C8F /* talkkingUITests */,
			);
		};
/* End PBXProject section */

/* Begin PBXResourcesBuildPhase section */
		3D5091B7208DF92000DA8C8F /* Resources */ = {
			isa = PBXResourcesBuildPhase;
			buildActionMask = 2147483647;
			files = (
				930450E720A584C2005E37FB /* etc_notice.png in Resources */,
				93E5245B2095888B009E303A /* heart_white_alpha.png in Resources */,
				9318F95A20903E0300E08F7D /* fan_select.png in Resources */,
				9318F96220903E0300E08F7D /* board_select.png in Resources */,
				9318F95F20903E0300E08F7D /* home_select.png in Resources */,
				93E76668209C5BA6005455A8 /* etc_icon_favor.png in Resources */,
				9318F98020907E0500E08F7D /* fan_rank_2.png in Resources */,
				93E766532099FD12005455A8 /* main_icon_location.png in Resources */,
				9353D9C520A81042006E4FAF /* etc_jewel_1.png in Resources */,
				93E5245D209588C2009E303A /* fan_white.png in Resources */,
				3D5091C7208DF92100DA8C8F /* LaunchScreen.storyboard in Resources */,
				3DA635B72091D2D800081F3B /* Podfile in Resources */,
				9318F96020903E0300E08F7D /* board.png in Resources */,
				93E7664B2099F0C9005455A8 /* main_rank_2.png in Resources */,
				9318F98920907E1D00E08F7D /* new_img.png in Resources */,
				9318F98720907E0C00E08F7D /* heart_red.png in Resources */,
				9318F95D20903E0300E08F7D /* home.png in Resources */,
				9318F98320907E0500E08F7D /* fan_rank_3.png in Resources */,
				93E7665E209C26A3005455A8 /* etc_icon_back.png in Resources */,
				9318F95820903E0300E08F7D /* rank_silver.png in Resources */,
				93E7666A209C5BA6005455A8 /* etc_icon_home.png in Resources */,
				9318F98F20907E4A00E08F7D /* ruby.png in Resources */,
				93E52459209583CB009E303A /* report.png in Resources */,
				9318F95720903E0300E08F7D /* rank_gold.png in Resources */,
				9318F98420907E0500E08F7D /* fan_rank_big_3.png in Resources */,
				930450E020A55F1C005E37FB /* etc_check_empty.png in Resources */,
				9318F99320907E5C00E08F7D /* amethyst.png in Resources */,
				9353D9B420A5B6E3006E4FAF /* charge_50.png in Resources */,
				9353D9B120A5B6E3006E4FAF /* charge_500.png in Resources */,
				9318F95620903E0300E08F7D /* rank_vip.png in Resources */,
				9318F95420903E0300E08F7D /* rank_diamond.png in Resources */,
				93A4C4E620A1E0A200066594 /* etc_icon_main.png in Resources */,
				93A4C4DD20A0615B00066594 /* etc_icon_setting.png in Resources */,
				93A4C4EB20A1E1CF00066594 /* icon_main_heart_recv.png in Resources */,
				9318F95B20903E0300E08F7D /* favor.png in Resources */,
				93A4C4DE20A0615B00066594 /* etc_icon_thumbnail.png in Resources */,
				9318F98B20907E2E00E08F7D /* pearl.png in Resources */,
				93A4C4EE20A1E1CF00066594 /* icon_main_randombox.png in Resources */,
				9353D9B720A5B6E3006E4FAF /* charge_10.png in Resources */,
				9353D9B520A5B6E3006E4FAF /* charge_1000.png in Resources */,
				9353D9B320A5B6E3006E4FAF /* charge_300.png in Resources */,
				9318F98D20907E3500E08F7D /* opal.png in Resources */,
				9318F99920907E9100E08F7D /* emerald.png in Resources */,
				9318F95320903E0300E08F7D /* rank_bronze.png in Resources */,
				9318F99720907E8900E08F7D /* diamond.png in Resources */,
				9318F96120903E0300E08F7D /* chat.png in Resources */,
				9353D9C420A81042006E4FAF /* etc_jewel_10.png in Resources */,
				93A4C4DA20A05EF300066594 /* etc_icon_notice.png in Resources */,
				93E7664D2099F0CA005455A8 /* main_rank_3.png in Resources */,
				9318F95E20903E0300E08F7D /* favor_select.png in Resources */,
				9353D9B220A5B6E3006E4FAF /* charge_30.png in Resources */,
				9318F99120907E5000E08F7D /* sapphire.png in Resources */,
				9318F95520903E0300E08F7D /* rank_vvip.png in Resources */,
				9318F98220907E0500E08F7D /* fan_rank_big_2.png in Resources */,
				93E76666209C5BA6005455A8 /* etc_icon_chat.png in Resources */,
				9353D9B620A5B6E3006E4FAF /* charge_100.png in Resources */,
				93E7665C209C221D005455A8 /* etc_itcon_board_write.png in Resources */,
				3D87315E2092077300022D90 /* GoogleService-Info.plist in Resources */,
				930450E120A55F1C005E37FB /* etc_check_full.png in Resources */,
				93E524552092EDA0009E303A /* Assets.xcassets in Resources */,
				93A4C4E020A0670C00066594 /* etc_icon_coin.png in Resources */,
				9318F98120907E0500E08F7D /* fan_rank_1.png in Resources */,
				9318F98520907E0500E08F7D /* fan_rank_big_1.png in Resources */,
				93E7664C2099F0CA005455A8 /* main_rank_1.png in Resources */,
				9353D9BD20A69460006E4FAF /* etc_icon_picture.png in Resources */,
				3D5091C2208DF92000DA8C8F /* Main.storyboard in Resources */,
				9318F99B20907F1D00E08F7D /* heart.png in Resources */,
				93E76665209C5BA6005455A8 /* etc_icon_heart.png in Resources */,
				93A4C4EC20A1E1CF00066594 /* icon_main_mypage.png in Resources */,
				93E766572099FD76005455A8 /* main_icon_hot.png in Resources */,
				93E76667209C5BA6005455A8 /* etc_icon_share.png in Resources */,
				9318F95920903E0300E08F7D /* fan.png in Resources */,
				93E76669209C5BA6005455A8 /* etc_icon_not_favor.png in Resources */,
				93A4C4ED20A1E1CF00066594 /* icon_main_filter.png in Resources */,
				9318F95C20903E0300E08F7D /* chat_select.png in Resources */,
			);
			runOnlyForDeploymentPostprocessing = 0;
		};
		3D5091CB208DF92200DA8C8F /* Resources */ = {
			isa = PBXResourcesBuildPhase;
			buildActionMask = 2147483647;
			files = (
			);
			runOnlyForDeploymentPostprocessing = 0;
		};
		3D5091D6208DF92200DA8C8F /* Resources */ = {
			isa = PBXResourcesBuildPhase;
			buildActionMask = 2147483647;
			files = (
			);
			runOnlyForDeploymentPostprocessing = 0;
		};
/* End PBXResourcesBuildPhase section */

/* Begin PBXShellScriptBuildPhase section */
		1DAEE0BAFBD61F8DE6C38AB1 /* [CP] Embed Pods Frameworks */ = {
			isa = PBXShellScriptBuildPhase;
			buildActionMask = 2147483647;
			files = (
			);
			inputPaths = (
				"${SRCROOT}/Pods/Target Support Files/Pods-talkkingUITests/Pods-talkkingUITests-frameworks.sh",
				"${BUILT_PRODUCTS_DIR}/GTMSessionFetcher/GTMSessionFetcher.framework",
				"${BUILT_PRODUCTS_DIR}/GoogleToolboxForMac/GoogleToolboxForMac.framework",
				"${BUILT_PRODUCTS_DIR}/ImageSlideshow/ImageSlideshow.framework",
				"${BUILT_PRODUCTS_DIR}/Kingfisher/Kingfisher.framework",
				"${BUILT_PRODUCTS_DIR}/Parchment/Parchment.framework",
				"${BUILT_PRODUCTS_DIR}/SVProgressHUD/SVProgressHUD.framework",
				"${BUILT_PRODUCTS_DIR}/leveldb-library/leveldb.framework",
				"${BUILT_PRODUCTS_DIR}/nanopb/nanopb.framework",
			);
			name = "[CP] Embed Pods Frameworks";
			outputPaths = (
				"${TARGET_BUILD_DIR}/${FRAMEWORKS_FOLDER_PATH}/GTMSessionFetcher.framework",
				"${TARGET_BUILD_DIR}/${FRAMEWORKS_FOLDER_PATH}/GoogleToolboxForMac.framework",
				"${TARGET_BUILD_DIR}/${FRAMEWORKS_FOLDER_PATH}/ImageSlideshow.framework",
				"${TARGET_BUILD_DIR}/${FRAMEWORKS_FOLDER_PATH}/Kingfisher.framework",
				"${TARGET_BUILD_DIR}/${FRAMEWORKS_FOLDER_PATH}/Parchment.framework",
				"${TARGET_BUILD_DIR}/${FRAMEWORKS_FOLDER_PATH}/SVProgressHUD.framework",
				"${TARGET_BUILD_DIR}/${FRAMEWORKS_FOLDER_PATH}/leveldb.framework",
				"${TARGET_BUILD_DIR}/${FRAMEWORKS_FOLDER_PATH}/nanopb.framework",
			);
			runOnlyForDeploymentPostprocessing = 0;
			shellPath = /bin/sh;
			shellScript = "\"${SRCROOT}/Pods/Target Support Files/Pods-talkkingUITests/Pods-talkkingUITests-frameworks.sh\"\n";
			showEnvVarsInLog = 0;
		};
		1E440AEC1AD08A72BAF2126E /* [CP] Check Pods Manifest.lock */ = {
			isa = PBXShellScriptBuildPhase;
			buildActionMask = 2147483647;
			files = (
			);
			inputPaths = (
				"${PODS_PODFILE_DIR_PATH}/Podfile.lock",
				"${PODS_ROOT}/Manifest.lock",
			);
			name = "[CP] Check Pods Manifest.lock";
			outputPaths = (
				"$(DERIVED_FILE_DIR)/Pods-talkking-checkManifestLockResult.txt",
			);
			runOnlyForDeploymentPostprocessing = 0;
			shellPath = /bin/sh;
			shellScript = "diff \"${PODS_PODFILE_DIR_PATH}/Podfile.lock\" \"${PODS_ROOT}/Manifest.lock\" > /dev/null\nif [ $? != 0 ] ; then\n    # print error to STDERR\n    echo \"error: The sandbox is not in sync with the Podfile.lock. Run 'pod install' or update your CocoaPods installation.\" >&2\n    exit 1\nfi\n# This output is used by Xcode 'outputs' to avoid re-running this script phase.\necho \"SUCCESS\" > \"${SCRIPT_OUTPUT_FILE_0}\"\n";
			showEnvVarsInLog = 0;
		};
		2345ADA7DF1F3AF24D4609C8 /* [CP] Embed Pods Frameworks */ = {
			isa = PBXShellScriptBuildPhase;
			buildActionMask = 2147483647;
			files = (
			);
			inputPaths = (
				"${SRCROOT}/Pods/Target Support Files/Pods-talkking/Pods-talkking-frameworks.sh",
				"${BUILT_PRODUCTS_DIR}/GTMSessionFetcher/GTMSessionFetcher.framework",
				"${BUILT_PRODUCTS_DIR}/GoogleToolboxForMac/GoogleToolboxForMac.framework",
				"${BUILT_PRODUCTS_DIR}/ImageSlideshow/ImageSlideshow.framework",
				"${BUILT_PRODUCTS_DIR}/Kingfisher/Kingfisher.framework",
				"${BUILT_PRODUCTS_DIR}/Parchment/Parchment.framework",
				"${BUILT_PRODUCTS_DIR}/SVProgressHUD/SVProgressHUD.framework",
				"${BUILT_PRODUCTS_DIR}/leveldb-library/leveldb.framework",
				"${BUILT_PRODUCTS_DIR}/nanopb/nanopb.framework",
			);
			name = "[CP] Embed Pods Frameworks";
			outputPaths = (
				"${TARGET_BUILD_DIR}/${FRAMEWORKS_FOLDER_PATH}/GTMSessionFetcher.framework",
				"${TARGET_BUILD_DIR}/${FRAMEWORKS_FOLDER_PATH}/GoogleToolboxForMac.framework",
				"${TARGET_BUILD_DIR}/${FRAMEWORKS_FOLDER_PATH}/ImageSlideshow.framework",
				"${TARGET_BUILD_DIR}/${FRAMEWORKS_FOLDER_PATH}/Kingfisher.framework",
				"${TARGET_BUILD_DIR}/${FRAMEWORKS_FOLDER_PATH}/Parchment.framework",
				"${TARGET_BUILD_DIR}/${FRAMEWORKS_FOLDER_PATH}/SVProgressHUD.framework",
				"${TARGET_BUILD_DIR}/${FRAMEWORKS_FOLDER_PATH}/leveldb.framework",
				"${TARGET_BUILD_DIR}/${FRAMEWORKS_FOLDER_PATH}/nanopb.framework",
			);
			runOnlyForDeploymentPostprocessing = 0;
			shellPath = /bin/sh;
			shellScript = "\"${SRCROOT}/Pods/Target Support Files/Pods-talkking/Pods-talkking-frameworks.sh\"\n";
			showEnvVarsInLog = 0;
		};
		3C578DAE5B33296A87FFC0E8 /* [CP] Check Pods Manifest.lock */ = {
			isa = PBXShellScriptBuildPhase;
			buildActionMask = 2147483647;
			files = (
			);
			inputPaths = (
				"${PODS_PODFILE_DIR_PATH}/Podfile.lock",
				"${PODS_ROOT}/Manifest.lock",
			);
			name = "[CP] Check Pods Manifest.lock";
			outputPaths = (
				"$(DERIVED_FILE_DIR)/Pods-talkkingUITests-checkManifestLockResult.txt",
			);
			runOnlyForDeploymentPostprocessing = 0;
			shellPath = /bin/sh;
			shellScript = "diff \"${PODS_PODFILE_DIR_PATH}/Podfile.lock\" \"${PODS_ROOT}/Manifest.lock\" > /dev/null\nif [ $? != 0 ] ; then\n    # print error to STDERR\n    echo \"error: The sandbox is not in sync with the Podfile.lock. Run 'pod install' or update your CocoaPods installation.\" >&2\n    exit 1\nfi\n# This output is used by Xcode 'outputs' to avoid re-running this script phase.\necho \"SUCCESS\" > \"${SCRIPT_OUTPUT_FILE_0}\"\n";
			showEnvVarsInLog = 0;
		};
		3E0659F20E3ACE64B410DF97 /* [CP] Embed Pods Frameworks */ = {
			isa = PBXShellScriptBuildPhase;
			buildActionMask = 2147483647;
			files = (
			);
			inputPaths = (
				"${SRCROOT}/Pods/Target Support Files/Pods-talkkingTests/Pods-talkkingTests-frameworks.sh",
				"${BUILT_PRODUCTS_DIR}/GTMSessionFetcher/GTMSessionFetcher.framework",
				"${BUILT_PRODUCTS_DIR}/GoogleToolboxForMac/GoogleToolboxForMac.framework",
				"${BUILT_PRODUCTS_DIR}/ImageSlideshow/ImageSlideshow.framework",
				"${BUILT_PRODUCTS_DIR}/Kingfisher/Kingfisher.framework",
				"${BUILT_PRODUCTS_DIR}/Parchment/Parchment.framework",
				"${BUILT_PRODUCTS_DIR}/SVProgressHUD/SVProgressHUD.framework",
				"${BUILT_PRODUCTS_DIR}/leveldb-library/leveldb.framework",
				"${BUILT_PRODUCTS_DIR}/nanopb/nanopb.framework",
			);
			name = "[CP] Embed Pods Frameworks";
			outputPaths = (
				"${TARGET_BUILD_DIR}/${FRAMEWORKS_FOLDER_PATH}/GTMSessionFetcher.framework",
				"${TARGET_BUILD_DIR}/${FRAMEWORKS_FOLDER_PATH}/GoogleToolboxForMac.framework",
				"${TARGET_BUILD_DIR}/${FRAMEWORKS_FOLDER_PATH}/ImageSlideshow.framework",
				"${TARGET_BUILD_DIR}/${FRAMEWORKS_FOLDER_PATH}/Kingfisher.framework",
				"${TARGET_BUILD_DIR}/${FRAMEWORKS_FOLDER_PATH}/Parchment.framework",
				"${TARGET_BUILD_DIR}/${FRAMEWORKS_FOLDER_PATH}/SVProgressHUD.framework",
				"${TARGET_BUILD_DIR}/${FRAMEWORKS_FOLDER_PATH}/leveldb.framework",
				"${TARGET_BUILD_DIR}/${FRAMEWORKS_FOLDER_PATH}/nanopb.framework",
			);
			runOnlyForDeploymentPostprocessing = 0;
			shellPath = /bin/sh;
			shellScript = "\"${SRCROOT}/Pods/Target Support Files/Pods-talkkingTests/Pods-talkkingTests-frameworks.sh\"\n";
			showEnvVarsInLog = 0;
		};
		6962F145C514F44EF4D5CBB9 /* [CP] Check Pods Manifest.lock */ = {
			isa = PBXShellScriptBuildPhase;
			buildActionMask = 2147483647;
			files = (
			);
			inputPaths = (
				"${PODS_PODFILE_DIR_PATH}/Podfile.lock",
				"${PODS_ROOT}/Manifest.lock",
			);
			name = "[CP] Check Pods Manifest.lock";
			outputPaths = (
				"$(DERIVED_FILE_DIR)/Pods-talkkingTests-checkManifestLockResult.txt",
			);
			runOnlyForDeploymentPostprocessing = 0;
			shellPath = /bin/sh;
			shellScript = "diff \"${PODS_PODFILE_DIR_PATH}/Podfile.lock\" \"${PODS_ROOT}/Manifest.lock\" > /dev/null\nif [ $? != 0 ] ; then\n    # print error to STDERR\n    echo \"error: The sandbox is not in sync with the Podfile.lock. Run 'pod install' or update your CocoaPods installation.\" >&2\n    exit 1\nfi\n# This output is used by Xcode 'outputs' to avoid re-running this script phase.\necho \"SUCCESS\" > \"${SCRIPT_OUTPUT_FILE_0}\"\n";
			showEnvVarsInLog = 0;
		};
/* End PBXShellScriptBuildPhase section */

/* Begin PBXSourcesBuildPhase section */
		3D5091B5208DF92000DA8C8F /* Sources */ = {
			isa = PBXSourcesBuildPhase;
			buildActionMask = 2147483647;
			files = (
				9353D9D120A832D0006E4FAF /* UIViewController_ThumbnailList.swift in Sources */,
				9318F96520903E0300E08F7D /* BoardData.swift in Sources */,
				93E766452099BA7B005455A8 /* UIViewCollectionCell_Home_Near.swift in Sources */,
				93E7663F2099B979005455A8 /* UIViewCollectionCell_Home_Public.swift in Sources */,
				93E766392099B844005455A8 /* UIViewController_Home_FanCount.swift in Sources */,
				9353D9C120A806B8006E4FAF /* UIViewController_MyJewel.swift in Sources */,
				930450E920A58899005E37FB /* UITableViewCell_Notice.swift in Sources */,
				9318F96D2090498F00E08F7D /* CommonData.swift in Sources */,
				9318F975209052E700E08F7D /* UITableViewCell_ChatMain.swift in Sources */,
				3D87316020930D3400022D90 /* FireBaseFunc.swift in Sources */,
				93E766512099F69B005455A8 /* UIViewCollectionCell_Home_Hot.swift in Sources */,
				9318F973209051F100E08F7D /* UIViewController_ChatMain.swift in Sources */,
				930450E520A580EB005E37FB /* UIViewController_NoticeListPage.swift in Sources */,
				3D5091BF208DF92000DA8C8F /* ViewController.swift in Sources */,
				9318F96720903E0300E08F7D /* UserData.swift in Sources */,
				3D5091BD208DF92000DA8C8F /* AppDelegate.swift in Sources */,
				930450E320A56273005E37FB /* UIViewController_ProvisionPage.swift in Sources */,
				93E7664F2099F5B1005455A8 /* UIViewController_Home_Hot.swift in Sources */,
				9318F96620903E0300E08F7D /* MyUserData.swift in Sources */,
				9318F96420903E0300E08F7D /* UIViewController_Favor.swift in Sources */,
				93E5245220921870009E303A /* UITableViewCell_Fan.swift in Sources */,
				9318F96A20903E0300E08F7D /* DataMgr.swift in Sources */,
				93E766332099B7F3005455A8 /* UIViewController_Home_Public.swift in Sources */,
				93E7665A209AF11C005455A8 /* UIViewController_UserPage.swift in Sources */,
				9353D9BB20A5BAC3006E4FAF /* UIViewController_ChargePage.swift in Sources */,
				93A4C4E220A06A0F00066594 /* UIViewController_MyUserPage.swift in Sources */,
				9318F97920906D0A00E08F7D /* UITableViewCell_Board.swift in Sources */,
				9353D9C720A8128D006E4FAF /* UIViewController_RecvHeartPage.swift in Sources */,
				9318F96F2090499F00E08F7D /* CommonUIFunc.swift in Sources */,
				9353D9CD20A817B3006E4FAF /* UIViewCollectionCell_UserPage_Fan.swift in Sources */,
				93E7662D20996B8A005455A8 /* UIViewController_Home.swift in Sources */,
				9353D9BF20A69A34006E4FAF /* UIViewController_ProfileSetting.swift in Sources */,
				93E766472099BA94005455A8 /* UIViewCollectionCell_Home_New.swift in Sources */,
				9318F96920903E0300E08F7D /* ChatData.swift in Sources */,
				93E7663B2099B852005455A8 /* UIViewController_Home_Near.swift in Sources */,
				93E5245320921870009E303A /* UIViewController_Fan.swift in Sources */,
				9318F96320903E0300E08F7D /* UITableViewCell_Favor.swift in Sources */,
				3D87316220948D1A00022D90 /* FanData.swift in Sources */,
				9318F97720906CFA00E08F7D /* UIViewController_Board.swift in Sources */,
				93A4C4E420A07F9A00066594 /* UIViewController_InputPage.swift in Sources */,
				9353D9C920A8142D006E4FAF /* UITableViewCell_RecvHeart.swift in Sources */,
				93E766432099BA5F005455A8 /* UIViewCollectionCell_Home_FanCount.swift in Sources */,
				9353D9A820A58AEC006E4FAF /* UIViewController_NoticePage.swift in Sources */,
				93E7663D2099B860005455A8 /* UIViewController_Home_New.swift in Sources */,
				9318F971209049A900E08F7D /* CommonFunc.swift in Sources */,
			);
			runOnlyForDeploymentPostprocessing = 0;
		};
		3D5091C9208DF92200DA8C8F /* Sources */ = {
			isa = PBXSourcesBuildPhase;
			buildActionMask = 2147483647;
			files = (
				3D5091D2208DF92200DA8C8F /* talkkingTests.swift in Sources */,
			);
			runOnlyForDeploymentPostprocessing = 0;
		};
		3D5091D4208DF92200DA8C8F /* Sources */ = {
			isa = PBXSourcesBuildPhase;
			buildActionMask = 2147483647;
			files = (
				3D5091DD208DF92200DA8C8F /* talkkingUITests.swift in Sources */,
			);
			runOnlyForDeploymentPostprocessing = 0;
		};
/* End PBXSourcesBuildPhase section */

/* Begin PBXTargetDependency section */
		3D5091CF208DF92200DA8C8F /* PBXTargetDependency */ = {
			isa = PBXTargetDependency;
			target = 3D5091B8208DF92000DA8C8F /* talkking */;
			targetProxy = 3D5091CE208DF92200DA8C8F /* PBXContainerItemProxy */;
		};
		3D5091DA208DF92200DA8C8F /* PBXTargetDependency */ = {
			isa = PBXTargetDependency;
			target = 3D5091B8208DF92000DA8C8F /* talkking */;
			targetProxy = 3D5091D9208DF92200DA8C8F /* PBXContainerItemProxy */;
		};
/* End PBXTargetDependency section */

/* Begin PBXVariantGroup section */
		3D5091C0208DF92000DA8C8F /* Main.storyboard */ = {
			isa = PBXVariantGroup;
			children = (
				3D5091C1208DF92000DA8C8F /* Base */,
			);
			name = Main.storyboard;
			sourceTree = "<group>";
		};
		3D5091C5208DF92100DA8C8F /* LaunchScreen.storyboard */ = {
			isa = PBXVariantGroup;
			children = (
				3D5091C6208DF92100DA8C8F /* Base */,
			);
			name = LaunchScreen.storyboard;
			sourceTree = "<group>";
		};
/* End PBXVariantGroup section */

/* Begin XCBuildConfiguration section */
		3D5091DF208DF92200DA8C8F /* Debug */ = {
			isa = XCBuildConfiguration;
			buildSettings = {
				ALWAYS_SEARCH_USER_PATHS = NO;
				CLANG_ANALYZER_NONNULL = YES;
				CLANG_ANALYZER_NUMBER_OBJECT_CONVERSION = YES_AGGRESSIVE;
				CLANG_CXX_LANGUAGE_STANDARD = "gnu++14";
				CLANG_CXX_LIBRARY = "libc++";
				CLANG_ENABLE_MODULES = YES;
				CLANG_ENABLE_OBJC_ARC = YES;
				CLANG_ENABLE_OBJC_WEAK = YES;
				CLANG_WARN_BLOCK_CAPTURE_AUTORELEASING = YES;
				CLANG_WARN_BOOL_CONVERSION = YES;
				CLANG_WARN_COMMA = YES;
				CLANG_WARN_CONSTANT_CONVERSION = YES;
				CLANG_WARN_DEPRECATED_OBJC_IMPLEMENTATIONS = YES;
				CLANG_WARN_DIRECT_OBJC_ISA_USAGE = YES_ERROR;
				CLANG_WARN_DOCUMENTATION_COMMENTS = YES;
				CLANG_WARN_EMPTY_BODY = YES;
				CLANG_WARN_ENUM_CONVERSION = YES;
				CLANG_WARN_INFINITE_RECURSION = YES;
				CLANG_WARN_INT_CONVERSION = YES;
				CLANG_WARN_NON_LITERAL_NULL_CONVERSION = YES;
				CLANG_WARN_OBJC_IMPLICIT_RETAIN_SELF = YES;
				CLANG_WARN_OBJC_LITERAL_CONVERSION = YES;
				CLANG_WARN_OBJC_ROOT_CLASS = YES_ERROR;
				CLANG_WARN_RANGE_LOOP_ANALYSIS = YES;
				CLANG_WARN_STRICT_PROTOTYPES = YES;
				CLANG_WARN_SUSPICIOUS_MOVE = YES;
				CLANG_WARN_UNGUARDED_AVAILABILITY = YES_AGGRESSIVE;
				CLANG_WARN_UNREACHABLE_CODE = YES;
				CLANG_WARN__DUPLICATE_METHOD_MATCH = YES;
				CODE_SIGN_IDENTITY = "iPhone Developer";
				COPY_PHASE_STRIP = NO;
				DEBUG_INFORMATION_FORMAT = dwarf;
				ENABLE_STRICT_OBJC_MSGSEND = YES;
				ENABLE_TESTABILITY = YES;
				GCC_C_LANGUAGE_STANDARD = gnu11;
				GCC_DYNAMIC_NO_PIC = NO;
				GCC_NO_COMMON_BLOCKS = YES;
				GCC_OPTIMIZATION_LEVEL = 0;
				GCC_PREPROCESSOR_DEFINITIONS = (
					"DEBUG=1",
					"$(inherited)",
				);
				GCC_WARN_64_TO_32_BIT_CONVERSION = YES;
				GCC_WARN_ABOUT_RETURN_TYPE = YES_ERROR;
				GCC_WARN_UNDECLARED_SELECTOR = YES;
				GCC_WARN_UNINITIALIZED_AUTOS = YES_AGGRESSIVE;
				GCC_WARN_UNUSED_FUNCTION = YES;
				GCC_WARN_UNUSED_VARIABLE = YES;
				IPHONEOS_DEPLOYMENT_TARGET = 11.3;
				MTL_ENABLE_DEBUG_INFO = YES;
				ONLY_ACTIVE_ARCH = NO;
				SDKROOT = iphoneos;
				SWIFT_ACTIVE_COMPILATION_CONDITIONS = DEBUG;
				SWIFT_OPTIMIZATION_LEVEL = "-Onone";
			};
			name = Debug;
		};
		3D5091E0208DF92200DA8C8F /* Release */ = {
			isa = XCBuildConfiguration;
			buildSettings = {
				ALWAYS_SEARCH_USER_PATHS = NO;
				CLANG_ANALYZER_NONNULL = YES;
				CLANG_ANALYZER_NUMBER_OBJECT_CONVERSION = YES_AGGRESSIVE;
				CLANG_CXX_LANGUAGE_STANDARD = "gnu++14";
				CLANG_CXX_LIBRARY = "libc++";
				CLANG_ENABLE_MODULES = YES;
				CLANG_ENABLE_OBJC_ARC = YES;
				CLANG_ENABLE_OBJC_WEAK = YES;
				CLANG_WARN_BLOCK_CAPTURE_AUTORELEASING = YES;
				CLANG_WARN_BOOL_CONVERSION = YES;
				CLANG_WARN_COMMA = YES;
				CLANG_WARN_CONSTANT_CONVERSION = YES;
				CLANG_WARN_DEPRECATED_OBJC_IMPLEMENTATIONS = YES;
				CLANG_WARN_DIRECT_OBJC_ISA_USAGE = YES_ERROR;
				CLANG_WARN_DOCUMENTATION_COMMENTS = YES;
				CLANG_WARN_EMPTY_BODY = YES;
				CLANG_WARN_ENUM_CONVERSION = YES;
				CLANG_WARN_INFINITE_RECURSION = YES;
				CLANG_WARN_INT_CONVERSION = YES;
				CLANG_WARN_NON_LITERAL_NULL_CONVERSION = YES;
				CLANG_WARN_OBJC_IMPLICIT_RETAIN_SELF = YES;
				CLANG_WARN_OBJC_LITERAL_CONVERSION = YES;
				CLANG_WARN_OBJC_ROOT_CLASS = YES_ERROR;
				CLANG_WARN_RANGE_LOOP_ANALYSIS = YES;
				CLANG_WARN_STRICT_PROTOTYPES = YES;
				CLANG_WARN_SUSPICIOUS_MOVE = YES;
				CLANG_WARN_UNGUARDED_AVAILABILITY = YES_AGGRESSIVE;
				CLANG_WARN_UNREACHABLE_CODE = YES;
				CLANG_WARN__DUPLICATE_METHOD_MATCH = YES;
				CODE_SIGN_IDENTITY = "iPhone Developer";
				COPY_PHASE_STRIP = NO;
				DEBUG_INFORMATION_FORMAT = "dwarf-with-dsym";
				ENABLE_NS_ASSERTIONS = NO;
				ENABLE_STRICT_OBJC_MSGSEND = YES;
				GCC_C_LANGUAGE_STANDARD = gnu11;
				GCC_NO_COMMON_BLOCKS = YES;
				GCC_WARN_64_TO_32_BIT_CONVERSION = YES;
				GCC_WARN_ABOUT_RETURN_TYPE = YES_ERROR;
				GCC_WARN_UNDECLARED_SELECTOR = YES;
				GCC_WARN_UNINITIALIZED_AUTOS = YES_AGGRESSIVE;
				GCC_WARN_UNUSED_FUNCTION = YES;
				GCC_WARN_UNUSED_VARIABLE = YES;
				IPHONEOS_DEPLOYMENT_TARGET = 11.3;
				MTL_ENABLE_DEBUG_INFO = NO;
				ONLY_ACTIVE_ARCH = NO;
				SDKROOT = iphoneos;
				SWIFT_COMPILATION_MODE = wholemodule;
				SWIFT_OPTIMIZATION_LEVEL = "-O";
				VALIDATE_PRODUCT = YES;
			};
			name = Release;
		};
		3D5091E2208DF92200DA8C8F /* Debug */ = {
			isa = XCBuildConfiguration;
			baseConfigurationReference = BD54EC540FA7633BC1BEA87A /* Pods-talkking.debug.xcconfig */;
			buildSettings = {
				ASSETCATALOG_COMPILER_APPICON_NAME = AppIcon;
				CODE_SIGN_STYLE = Automatic;
				INFOPLIST_FILE = talkking/Info.plist;
				IPHONEOS_DEPLOYMENT_TARGET = 9.0;
				LD_RUNPATH_SEARCH_PATHS = "$(inherited) @executable_path/Frameworks";
				PRODUCT_BUNDLE_IDENTIFIER = DOHOSOFT.talkking;
				PRODUCT_NAME = "$(TARGET_NAME)";
				SWIFT_VERSION = 4.0;
				TARGETED_DEVICE_FAMILY = "1,2";
			};
			name = Debug;
		};
		3D5091E3208DF92200DA8C8F /* Release */ = {
			isa = XCBuildConfiguration;
			baseConfigurationReference = F1AFF606777DF8EFF9DC1B1F /* Pods-talkking.release.xcconfig */;
			buildSettings = {
				ASSETCATALOG_COMPILER_APPICON_NAME = AppIcon;
				CODE_SIGN_STYLE = Automatic;
				INFOPLIST_FILE = talkking/Info.plist;
				IPHONEOS_DEPLOYMENT_TARGET = 9.0;
				LD_RUNPATH_SEARCH_PATHS = "$(inherited) @executable_path/Frameworks";
				PRODUCT_BUNDLE_IDENTIFIER = DOHOSOFT.talkking;
				PRODUCT_NAME = "$(TARGET_NAME)";
				SWIFT_VERSION = 4.0;
				TARGETED_DEVICE_FAMILY = "1,2";
			};
			name = Release;
		};
		3D5091E5208DF92200DA8C8F /* Debug */ = {
			isa = XCBuildConfiguration;
			baseConfigurationReference = 53352310F5C94E0F2849069E /* Pods-talkkingTests.debug.xcconfig */;
			buildSettings = {
				ALWAYS_EMBED_SWIFT_STANDARD_LIBRARIES = YES;
				BUNDLE_LOADER = "$(TEST_HOST)";
				CODE_SIGN_STYLE = Automatic;
				INFOPLIST_FILE = talkkingTests/Info.plist;
				LD_RUNPATH_SEARCH_PATHS = "$(inherited) @executable_path/Frameworks @loader_path/Frameworks";
				PRODUCT_BUNDLE_IDENTIFIER = DOHOSOFT.talkkingTests;
				PRODUCT_NAME = "$(TARGET_NAME)";
				SWIFT_VERSION = 4.0;
				TARGETED_DEVICE_FAMILY = "1,2";
				TEST_HOST = "$(BUILT_PRODUCTS_DIR)/talkking.app/talkking";
			};
			name = Debug;
		};
		3D5091E6208DF92200DA8C8F /* Release */ = {
			isa = XCBuildConfiguration;
			baseConfigurationReference = 9AF8EC7116B3018C39A3C35C /* Pods-talkkingTests.release.xcconfig */;
			buildSettings = {
				ALWAYS_EMBED_SWIFT_STANDARD_LIBRARIES = YES;
				BUNDLE_LOADER = "$(TEST_HOST)";
				CODE_SIGN_STYLE = Automatic;
				INFOPLIST_FILE = talkkingTests/Info.plist;
				LD_RUNPATH_SEARCH_PATHS = "$(inherited) @executable_path/Frameworks @loader_path/Frameworks";
				PRODUCT_BUNDLE_IDENTIFIER = DOHOSOFT.talkkingTests;
				PRODUCT_NAME = "$(TARGET_NAME)";
				SWIFT_VERSION = 4.0;
				TARGETED_DEVICE_FAMILY = "1,2";
				TEST_HOST = "$(BUILT_PRODUCTS_DIR)/talkking.app/talkking";
			};
			name = Release;
		};
		3D5091E8208DF92200DA8C8F /* Debug */ = {
			isa = XCBuildConfiguration;
			baseConfigurationReference = A76CA12B4956316FCD0FBDBA /* Pods-talkkingUITests.debug.xcconfig */;
			buildSettings = {
				ALWAYS_EMBED_SWIFT_STANDARD_LIBRARIES = YES;
				CODE_SIGN_STYLE = Automatic;
				INFOPLIST_FILE = talkkingUITests/Info.plist;
				LD_RUNPATH_SEARCH_PATHS = "$(inherited) @executable_path/Frameworks @loader_path/Frameworks";
				PRODUCT_BUNDLE_IDENTIFIER = DOHOSOFT.talkkingUITests;
				PRODUCT_NAME = "$(TARGET_NAME)";
				SWIFT_VERSION = 4.0;
				TARGETED_DEVICE_FAMILY = "1,2";
				TEST_TARGET_NAME = talkking;
			};
			name = Debug;
		};
		3D5091E9208DF92200DA8C8F /* Release */ = {
			isa = XCBuildConfiguration;
			baseConfigurationReference = DE5DEC812A2B957E125D15C5 /* Pods-talkkingUITests.release.xcconfig */;
			buildSettings = {
				ALWAYS_EMBED_SWIFT_STANDARD_LIBRARIES = YES;
				CODE_SIGN_STYLE = Automatic;
				INFOPLIST_FILE = talkkingUITests/Info.plist;
				LD_RUNPATH_SEARCH_PATHS = "$(inherited) @executable_path/Frameworks @loader_path/Frameworks";
				PRODUCT_BUNDLE_IDENTIFIER = DOHOSOFT.talkkingUITests;
				PRODUCT_NAME = "$(TARGET_NAME)";
				SWIFT_VERSION = 4.0;
				TARGETED_DEVICE_FAMILY = "1,2";
				TEST_TARGET_NAME = talkking;
			};
			name = Release;
		};
/* End XCBuildConfiguration section */

/* Begin XCConfigurationList section */
		3D5091B4208DF92000DA8C8F /* Build configuration list for PBXProject "talkking" */ = {
			isa = XCConfigurationList;
			buildConfigurations = (
				3D5091DF208DF92200DA8C8F /* Debug */,
				3D5091E0208DF92200DA8C8F /* Release */,
			);
			defaultConfigurationIsVisible = 0;
			defaultConfigurationName = Release;
		};
		3D5091E1208DF92200DA8C8F /* Build configuration list for PBXNativeTarget "talkking" */ = {
			isa = XCConfigurationList;
			buildConfigurations = (
				3D5091E2208DF92200DA8C8F /* Debug */,
				3D5091E3208DF92200DA8C8F /* Release */,
			);
			defaultConfigurationIsVisible = 0;
			defaultConfigurationName = Release;
		};
		3D5091E4208DF92200DA8C8F /* Build configuration list for PBXNativeTarget "talkkingTests" */ = {
			isa = XCConfigurationList;
			buildConfigurations = (
				3D5091E5208DF92200DA8C8F /* Debug */,
				3D5091E6208DF92200DA8C8F /* Release */,
			);
			defaultConfigurationIsVisible = 0;
			defaultConfigurationName = Release;
		};
		3D5091E7208DF92200DA8C8F /* Build configuration list for PBXNativeTarget "talkkingUITests" */ = {
			isa = XCConfigurationList;
			buildConfigurations = (
				3D5091E8208DF92200DA8C8F /* Debug */,
				3D5091E9208DF92200DA8C8F /* Release */,
			);
			defaultConfigurationIsVisible = 0;
			defaultConfigurationName = Release;
		};
/* End XCConfigurationList section */
	};
	rootObject = 3D5091B1208DF92000DA8C8F /* Project object */;
}
